
Microsoft Visual Studio Solution File, Format Version 12.00
# Visual Studio Version 17
VisualStudioVersion = 17.8.34511.84
MinimumVisualStudioVersion = 10.0.40219.1
Project("{9A19103F-16F7-4668-BE54-9A1E7A4F7556}") = "Veselin-Stoyanov", "Veselin-Stoyanov\Veselin-Stoyanov.csproj", "{4350A621-51A1-4034-9378-5C6069F908AB}"
EndProject
Project("{FAE04EC0-301F-11D3-BF4B-00C04F79EFBC}") = "methods", "methods\methods.csproj", "{673DE8C2-2DE6-4634-A4C8-B389372B51D9}"
EndProject
Global
	GlobalSection(SolutionConfigurationPlatforms) = preSolution
		Debug|Any CPU = Debug|Any CPU
		Release|Any CPU = Release|Any CPU
	EndGlobalSection
	GlobalSection(ProjectConfigurationPlatforms) = postSolution
		{4350A621-51A1-4034-9378-5C6069F908AB}.Debug|Any CPU.ActiveCfg = Debug|Any CPU
		{4350A621-51A1-4034-9378-5C6069F908AB}.Debug|Any CPU.Build.0 = Debug|Any CPU
		{4350A621-51A1-4034-9378-5C6069F908AB}.Release|Any CPU.ActiveCfg = Release|Any CPU
		{4350A621-51A1-4034-9378-5C6069F908AB}.Release|Any CPU.Build.0 = Release|Any CPU
		{673DE8C2-2DE6-4634-A4C8-B389372B51D9}.Debug|Any CPU.ActiveCfg = Debug|Any CPU
		{673DE8C2-2DE6-4634-A4C8-B389372B51D9}.Debug|Any CPU.Build.0 = Debug|Any CPU
		{673DE8C2-2DE6-4634-A4C8-B389372B51D9}.Release|Any CPU.ActiveCfg = Release|Any CPU
		{673DE8C2-2DE6-4634-A4C8-B389372B51D9}.Release|Any CPU.Build.0 = Release|Any CPU
	EndGlobalSection
	GlobalSection(SolutionProperties) = preSolution
		HideSolutionNode = FALSE
	EndGlobalSection
	GlobalSection(ExtensibilityGlobals) = postSolution
		SolutionGuid = {9AED52F5-C7E8-4CD7-92FE-18DE70CC4097}
	EndGlobalSection
EndGlobal
