
Microsoft Visual Studio Solution File, Format Version 12.00
# Visual Studio Version 17
VisualStudioVersion = 17.8.34511.84
MinimumVisualStudioVersion = 10.0.40219.1
Project("{FAE04EC0-301F-11D3-BF4B-00C04F79EFBC}") = "Nikola-Georgiev", "Nikola-Georgiev\Nikola-Georgiev.csproj", "{19A5F9BB-9C2A-47B9-9E33-3492979AA780}"
EndProject
Global
	GlobalSection(SolutionConfigurationPlatforms) = preSolution
		Debug|Any CPU = Debug|Any CPU
		Release|Any CPU = Release|Any CPU
	EndGlobalSection
	GlobalSection(ProjectConfigurationPlatforms) = postSolution
		{19A5F9BB-9C2A-47B9-9E33-3492979AA780}.Debug|Any CPU.ActiveCfg = Debug|Any CPU
		{19A5F9BB-9C2A-47B9-9E33-3492979AA780}.Debug|Any CPU.Build.0 = Debug|Any CPU
		{19A5F9BB-9C2A-47B9-9E33-3492979AA780}.Release|Any CPU.ActiveCfg = Release|Any CPU
		{19A5F9BB-9C2A-47B9-9E33-3492979AA780}.Release|Any CPU.Build.0 = Release|Any CPU
	EndGlobalSection
	GlobalSection(SolutionProperties) = preSolution
		HideSolutionNode = FALSE
	EndGlobalSection
	GlobalSection(ExtensibilityGlobals) = postSolution
		SolutionGuid = {389DE8D0-066E-48FD-B9A7-4D32C221469C}
	EndGlobalSection
EndGlobal
