
Microsoft Visual Studio Solution File, Format Version 12.00
# Visual Studio Version 17
VisualStudioVersion = 17.7.34221.43
MinimumVisualStudioVersion = 10.0.40219.1
Project("{FAE04EC0-301F-11D3-BF4B-00C04F79EFBC}") = "01.NumberPyramid", "01.NumberPyramid\01.NumberPyramid.csproj", "{7A7E589B-41BA-41DE-A8FF-235111682FE1}"
EndProject
Project("{FAE04EC0-301F-11D3-BF4B-00C04F79EFBC}") = "02.EqualSumsEvenOddPosition", "02.EqualSumsEvenOddPosition\02.EqualSumsEvenOddPosition.csproj", "{4B2C3A53-F1FA-43B5-BDB8-F255BB02DCC2}"
EndProject
Project("{FAE04EC0-301F-11D3-BF4B-00C04F79EFBC}") = "03.SumPrimeNonPrime", "03.SumPrimeNonPrime\03.SumPrimeNonPrime.csproj", "{50FF24E6-F119-4D0F-8B30-7A14EC11AB9B}"
EndProject
Project("{FAE04EC0-301F-11D3-BF4B-00C04F79EFBC}") = "04.TrainTheTrainers", "04.TrainTheTrainers\04.TrainTheTrainers.csproj", "{69C9FE6F-7E22-4133-8EFC-B88816312C16}"
EndProject
Project("{FAE04EC0-301F-11D3-BF4B-00C04F79EFBC}") = "05.SpecialNumbers", "05.SpecialNumbers\05.SpecialNumbers.csproj", "{2565448F-5706-41B7-97C0-9B01FCBA5D67}"
EndProject
Project("{FAE04EC0-301F-11D3-BF4B-00C04F79EFBC}") = "06.CinemaTickets", "06.CinemaTickets\06.CinemaTickets.csproj", "{32E2FB6F-3C7C-4BBA-A8F8-C5F432632138}"
EndProject
Global
	GlobalSection(SolutionConfigurationPlatforms) = preSolution
		Debug|Any CPU = Debug|Any CPU
		Release|Any CPU = Release|Any CPU
	EndGlobalSection
	GlobalSection(ProjectConfigurationPlatforms) = postSolution
		{7A7E589B-41BA-41DE-A8FF-235111682FE1}.Debug|Any CPU.ActiveCfg = Debug|Any CPU
		{7A7E589B-41BA-41DE-A8FF-235111682FE1}.Debug|Any CPU.Build.0 = Debug|Any CPU
		{7A7E589B-41BA-41DE-A8FF-235111682FE1}.Release|Any CPU.ActiveCfg = Release|Any CPU
		{7A7E589B-41BA-41DE-A8FF-235111682FE1}.Release|Any CPU.Build.0 = Release|Any CPU
		{4B2C3A53-F1FA-43B5-BDB8-F255BB02DCC2}.Debug|Any CPU.ActiveCfg = Debug|Any CPU
		{4B2C3A53-F1FA-43B5-BDB8-F255BB02DCC2}.Debug|Any CPU.Build.0 = Debug|Any CPU
		{4B2C3A53-F1FA-43B5-BDB8-F255BB02DCC2}.Release|Any CPU.ActiveCfg = Release|Any CPU
		{4B2C3A53-F1FA-43B5-BDB8-F255BB02DCC2}.Release|Any CPU.Build.0 = Release|Any CPU
		{50FF24E6-F119-4D0F-8B30-7A14EC11AB9B}.Debug|Any CPU.ActiveCfg = Debug|Any CPU
		{50FF24E6-F119-4D0F-8B30-7A14EC11AB9B}.Debug|Any CPU.Build.0 = Debug|Any CPU
		{50FF24E6-F119-4D0F-8B30-7A14EC11AB9B}.Release|Any CPU.ActiveCfg = Release|Any CPU
		{50FF24E6-F119-4D0F-8B30-7A14EC11AB9B}.Release|Any CPU.Build.0 = Release|Any CPU
		{69C9FE6F-7E22-4133-8EFC-B88816312C16}.Debug|Any CPU.ActiveCfg = Debug|Any CPU
		{69C9FE6F-7E22-4133-8EFC-B88816312C16}.Debug|Any CPU.Build.0 = Debug|Any CPU
		{69C9FE6F-7E22-4133-8EFC-B88816312C16}.Release|Any CPU.ActiveCfg = Release|Any CPU
		{69C9FE6F-7E22-4133-8EFC-B88816312C16}.Release|Any CPU.Build.0 = Release|Any CPU
		{2565448F-5706-41B7-97C0-9B01FCBA5D67}.Debug|Any CPU.ActiveCfg = Debug|Any CPU
		{2565448F-5706-41B7-97C0-9B01FCBA5D67}.Debug|Any CPU.Build.0 = Debug|Any CPU
		{2565448F-5706-41B7-97C0-9B01FCBA5D67}.Release|Any CPU.ActiveCfg = Release|Any CPU
		{2565448F-5706-41B7-97C0-9B01FCBA5D67}.Release|Any CPU.Build.0 = Release|Any CPU
		{32E2FB6F-3C7C-4BBA-A8F8-C5F432632138}.Debug|Any CPU.ActiveCfg = Debug|Any CPU
		{32E2FB6F-3C7C-4BBA-A8F8-C5F432632138}.Debug|Any CPU.Build.0 = Debug|Any CPU
		{32E2FB6F-3C7C-4BBA-A8F8-C5F432632138}.Release|Any CPU.ActiveCfg = Release|Any CPU
		{32E2FB6F-3C7C-4BBA-A8F8-C5F432632138}.Release|Any CPU.Build.0 = Release|Any CPU
	EndGlobalSection
	GlobalSection(SolutionProperties) = preSolution
		HideSolutionNode = FALSE
	EndGlobalSection
	GlobalSection(ExtensibilityGlobals) = postSolution
		SolutionGuid = {ECE0F315-7451-4C7C-8636-2ED123B5A373}
	EndGlobalSection
EndGlobal
