
Microsoft Visual Studio Solution File, Format Version 12.00
# Visual Studio Version 17
VisualStudioVersion = 17.7.34221.43
MinimumVisualStudioVersion = 10.0.40219.1
Project("{FAE04EC0-301F-11D3-BF4B-00C04F79EFBC}") = "1.DayОfWeek", "1.DayОfWeek\1.DayОfWeek.csproj", "{534A7080-5242-4472-A11E-38E789677A99}"
EndProject
Project("{FAE04EC0-301F-11D3-BF4B-00C04F79EFBC}") = "2.WeekendOrWorkingDay", "2.WeekendOrWorkingDay\2.WeekendOrWorkingDay.csproj", "{CC88594D-94A7-443E-9173-78D7F6CF8124}"
EndProject
Project("{FAE04EC0-301F-11D3-BF4B-00C04F79EFBC}") = "3.AnimalType", "3.AnimalType\3.AnimalType.csproj", "{B604EDE9-3B33-4A2A-AA32-EA78BC9CFA6B}"
EndProject
Project("{FAE04EC0-301F-11D3-BF4B-00C04F79EFBC}") = "4.PersonalTitles", "4.PersonalTitles\4.PersonalTitles.csproj", "{D999BF32-0B84-4E08-B45A-05941505CB12}"
EndProject
Project("{FAE04EC0-301F-11D3-BF4B-00C04F79EFBC}") = "9.FruitOrVegetable", "9.FruitOrVegetable\9.FruitOrVegetable.csproj", "{DA30771F-144A-4AC6-89F7-FF929D0E514C}"
EndProject
Project("{FAE04EC0-301F-11D3-BF4B-00C04F79EFBC}") = "5.SmallShop", "5.SmallShop\5.SmallShop.csproj", "{4A2B2063-149F-4857-BDF2-8D4E4F687573}"
EndProject
Project("{FAE04EC0-301F-11D3-BF4B-00C04F79EFBC}") = "6.NumberInRange", "6.NumberInRange\6.NumberInRange.csproj", "{DF7F389B-7E74-40F0-B9E0-6487855DD227}"
EndProject
Project("{FAE04EC0-301F-11D3-BF4B-00C04F79EFBC}") = "7.WorkingHours", "7.WorkingHours\7.WorkingHours.csproj", "{18674B6C-9534-4CAA-A82B-33FB89C7DE19}"
EndProject
Project("{FAE04EC0-301F-11D3-BF4B-00C04F79EFBC}") = "8.CinemaTicket", "8.CinemaTicket\8.CinemaTicket.csproj", "{E11B2ED6-CBD2-41DE-8E9D-09769C48C3E1}"
EndProject
Project("{FAE04EC0-301F-11D3-BF4B-00C04F79EFBC}") = "10.IInvalidNumber", "10.IInvalidNumber\10.IInvalidNumber.csproj", "{EEDC4641-8503-458D-BE3B-5FE85C6B4962}"
EndProject
Project("{FAE04EC0-301F-11D3-BF4B-00C04F79EFBC}") = "11.FruitShop", "11.FruitShop\11.FruitShop.csproj", "{95F204B4-37F4-418A-81FA-51E1A8009CF1}"
EndProject
Project("{FAE04EC0-301F-11D3-BF4B-00C04F79EFBC}") = "12.TradeCommissions", "12.TradeCommissions\12.TradeCommissions.csproj", "{3B4A616A-ED7E-4102-AFDA-86A3E5B15ED4}"
EndProject
Global
	GlobalSection(SolutionConfigurationPlatforms) = preSolution
		Debug|Any CPU = Debug|Any CPU
		Release|Any CPU = Release|Any CPU
	EndGlobalSection
	GlobalSection(ProjectConfigurationPlatforms) = postSolution
		{534A7080-5242-4472-A11E-38E789677A99}.Debug|Any CPU.ActiveCfg = Debug|Any CPU
		{534A7080-5242-4472-A11E-38E789677A99}.Debug|Any CPU.Build.0 = Debug|Any CPU
		{534A7080-5242-4472-A11E-38E789677A99}.Release|Any CPU.ActiveCfg = Release|Any CPU
		{534A7080-5242-4472-A11E-38E789677A99}.Release|Any CPU.Build.0 = Release|Any CPU
		{CC88594D-94A7-443E-9173-78D7F6CF8124}.Debug|Any CPU.ActiveCfg = Debug|Any CPU
		{CC88594D-94A7-443E-9173-78D7F6CF8124}.Debug|Any CPU.Build.0 = Debug|Any CPU
		{CC88594D-94A7-443E-9173-78D7F6CF8124}.Release|Any CPU.ActiveCfg = Release|Any CPU
		{CC88594D-94A7-443E-9173-78D7F6CF8124}.Release|Any CPU.Build.0 = Release|Any CPU
		{B604EDE9-3B33-4A2A-AA32-EA78BC9CFA6B}.Debug|Any CPU.ActiveCfg = Debug|Any CPU
		{B604EDE9-3B33-4A2A-AA32-EA78BC9CFA6B}.Debug|Any CPU.Build.0 = Debug|Any CPU
		{B604EDE9-3B33-4A2A-AA32-EA78BC9CFA6B}.Release|Any CPU.ActiveCfg = Release|Any CPU
		{B604EDE9-3B33-4A2A-AA32-EA78BC9CFA6B}.Release|Any CPU.Build.0 = Release|Any CPU
		{D999BF32-0B84-4E08-B45A-05941505CB12}.Debug|Any CPU.ActiveCfg = Debug|Any CPU
		{D999BF32-0B84-4E08-B45A-05941505CB12}.Debug|Any CPU.Build.0 = Debug|Any CPU
		{D999BF32-0B84-4E08-B45A-05941505CB12}.Release|Any CPU.ActiveCfg = Release|Any CPU
		{D999BF32-0B84-4E08-B45A-05941505CB12}.Release|Any CPU.Build.0 = Release|Any CPU
		{DA30771F-144A-4AC6-89F7-FF929D0E514C}.Debug|Any CPU.ActiveCfg = Debug|Any CPU
		{DA30771F-144A-4AC6-89F7-FF929D0E514C}.Debug|Any CPU.Build.0 = Debug|Any CPU
		{DA30771F-144A-4AC6-89F7-FF929D0E514C}.Release|Any CPU.ActiveCfg = Release|Any CPU
		{DA30771F-144A-4AC6-89F7-FF929D0E514C}.Release|Any CPU.Build.0 = Release|Any CPU
		{4A2B2063-149F-4857-BDF2-8D4E4F687573}.Debug|Any CPU.ActiveCfg = Debug|Any CPU
		{4A2B2063-149F-4857-BDF2-8D4E4F687573}.Debug|Any CPU.Build.0 = Debug|Any CPU
		{4A2B2063-149F-4857-BDF2-8D4E4F687573}.Release|Any CPU.ActiveCfg = Release|Any CPU
		{4A2B2063-149F-4857-BDF2-8D4E4F687573}.Release|Any CPU.Build.0 = Release|Any CPU
		{DF7F389B-7E74-40F0-B9E0-6487855DD227}.Debug|Any CPU.ActiveCfg = Debug|Any CPU
		{DF7F389B-7E74-40F0-B9E0-6487855DD227}.Debug|Any CPU.Build.0 = Debug|Any CPU
		{DF7F389B-7E74-40F0-B9E0-6487855DD227}.Release|Any CPU.ActiveCfg = Release|Any CPU
		{DF7F389B-7E74-40F0-B9E0-6487855DD227}.Release|Any CPU.Build.0 = Release|Any CPU
		{18674B6C-9534-4CAA-A82B-33FB89C7DE19}.Debug|Any CPU.ActiveCfg = Debug|Any CPU
		{18674B6C-9534-4CAA-A82B-33FB89C7DE19}.Debug|Any CPU.Build.0 = Debug|Any CPU
		{18674B6C-9534-4CAA-A82B-33FB89C7DE19}.Release|Any CPU.ActiveCfg = Release|Any CPU
		{18674B6C-9534-4CAA-A82B-33FB89C7DE19}.Release|Any CPU.Build.0 = Release|Any CPU
		{E11B2ED6-CBD2-41DE-8E9D-09769C48C3E1}.Debug|Any CPU.ActiveCfg = Debug|Any CPU
		{E11B2ED6-CBD2-41DE-8E9D-09769C48C3E1}.Debug|Any CPU.Build.0 = Debug|Any CPU
		{E11B2ED6-CBD2-41DE-8E9D-09769C48C3E1}.Release|Any CPU.ActiveCfg = Release|Any CPU
		{E11B2ED6-CBD2-41DE-8E9D-09769C48C3E1}.Release|Any CPU.Build.0 = Release|Any CPU
		{EEDC4641-8503-458D-BE3B-5FE85C6B4962}.Debug|Any CPU.ActiveCfg = Debug|Any CPU
		{EEDC4641-8503-458D-BE3B-5FE85C6B4962}.Debug|Any CPU.Build.0 = Debug|Any CPU
		{EEDC4641-8503-458D-BE3B-5FE85C6B4962}.Release|Any CPU.ActiveCfg = Release|Any CPU
		{EEDC4641-8503-458D-BE3B-5FE85C6B4962}.Release|Any CPU.Build.0 = Release|Any CPU
		{95F204B4-37F4-418A-81FA-51E1A8009CF1}.Debug|Any CPU.ActiveCfg = Debug|Any CPU
		{95F204B4-37F4-418A-81FA-51E1A8009CF1}.Debug|Any CPU.Build.0 = Debug|Any CPU
		{95F204B4-37F4-418A-81FA-51E1A8009CF1}.Release|Any CPU.ActiveCfg = Release|Any CPU
		{95F204B4-37F4-418A-81FA-51E1A8009CF1}.Release|Any CPU.Build.0 = Release|Any CPU
		{3B4A616A-ED7E-4102-AFDA-86A3E5B15ED4}.Debug|Any CPU.ActiveCfg = Debug|Any CPU
		{3B4A616A-ED7E-4102-AFDA-86A3E5B15ED4}.Debug|Any CPU.Build.0 = Debug|Any CPU
		{3B4A616A-ED7E-4102-AFDA-86A3E5B15ED4}.Release|Any CPU.ActiveCfg = Release|Any CPU
		{3B4A616A-ED7E-4102-AFDA-86A3E5B15ED4}.Release|Any CPU.Build.0 = Release|Any CPU
	EndGlobalSection
	GlobalSection(SolutionProperties) = preSolution
		HideSolutionNode = FALSE
	EndGlobalSection
	GlobalSection(ExtensibilityGlobals) = postSolution
		SolutionGuid = {AEAC34CC-8C9E-4D4F-BA33-86F1EF001438}
	EndGlobalSection
EndGlobal
