
Microsoft Visual Studio Solution File, Format Version 12.00
# Visual Studio Version 17
VisualStudioVersion = 17.8.34525.116
MinimumVisualStudioVersion = 10.0.40219.1
Project("{FAE04EC0-301F-11D3-BF4B-00C04F79EFBC}") = "MaxNumber", "MaxNumber\MaxNumber.csproj", "{ED939355-BACD-4DB5-888F-4D87ECA58FDF}"
EndProject
Global
	GlobalSection(SolutionConfigurationPlatforms) = preSolution
		Debug|Any CPU = Debug|Any CPU
		Release|Any CPU = Release|Any CPU
	EndGlobalSection
	GlobalSection(ProjectConfigurationPlatforms) = postSolution
		{ED939355-BACD-4DB5-888F-4D87ECA58FDF}.Debug|Any CPU.ActiveCfg = Debug|Any CPU
		{ED939355-BACD-4DB5-888F-4D87ECA58FDF}.Debug|Any CPU.Build.0 = Debug|Any CPU
		{ED939355-BACD-4DB5-888F-4D87ECA58FDF}.Release|Any CPU.ActiveCfg = Release|Any CPU
		{ED939355-BACD-4DB5-888F-4D87ECA58FDF}.Release|Any CPU.Build.0 = Release|Any CPU
	EndGlobalSection
	GlobalSection(SolutionProperties) = preSolution
		HideSolutionNode = FALSE
	EndGlobalSection
	GlobalSection(ExtensibilityGlobals) = postSolution
		SolutionGuid = {350EFBF7-7261-4AE6-8B81-808AB3941784}
	EndGlobalSection
EndGlobal
