
Microsoft Visual Studio Solution File, Format Version 12.00
# Visual Studio Version 17
VisualStudioVersion = 17.9.34622.214
MinimumVisualStudioVersion = 10.0.40219.1
Project("{FAE04EC0-301F-11D3-BF4B-00C04F79EFBC}") = "11.04.List", "11.04.List\11.04.List.csproj", "{13C56C4F-5FC5-4E31-B6D3-D452CBDFC955}"
EndProject
Project("{FAE04EC0-301F-11D3-BF4B-00C04F79EFBC}") = "Ex.2", "Ex.2\Ex.2.csproj", "{F8CC22BF-EBB7-40DF-B034-2323684D9F84}"
EndProject
Project("{FAE04EC0-301F-11D3-BF4B-00C04F79EFBC}") = "Ex.3", "Ex.3\Ex.3.csproj", "{27D7BEDF-4397-4DA2-AD67-7D07FAF9ED98}"
EndProject
Project("{FAE04EC0-301F-11D3-BF4B-00C04F79EFBC}") = "Class.2", "Class.2\Class.2.csproj", "{BEBBC4AA-809B-4EA2-940C-027385D0D8CF}"
EndProject
Global
	GlobalSection(SolutionConfigurationPlatforms) = preSolution
		Debug|Any CPU = Debug|Any CPU
		Release|Any CPU = Release|Any CPU
	EndGlobalSection
	GlobalSection(ProjectConfigurationPlatforms) = postSolution
		{13C56C4F-5FC5-4E31-B6D3-D452CBDFC955}.Debug|Any CPU.ActiveCfg = Debug|Any CPU
		{13C56C4F-5FC5-4E31-B6D3-D452CBDFC955}.Debug|Any CPU.Build.0 = Debug|Any CPU
		{13C56C4F-5FC5-4E31-B6D3-D452CBDFC955}.Release|Any CPU.ActiveCfg = Release|Any CPU
		{13C56C4F-5FC5-4E31-B6D3-D452CBDFC955}.Release|Any CPU.Build.0 = Release|Any CPU
		{F8CC22BF-EBB7-40DF-B034-2323684D9F84}.Debug|Any CPU.ActiveCfg = Debug|Any CPU
		{F8CC22BF-EBB7-40DF-B034-2323684D9F84}.Debug|Any CPU.Build.0 = Debug|Any CPU
		{F8CC22BF-EBB7-40DF-B034-2323684D9F84}.Release|Any CPU.ActiveCfg = Release|Any CPU
		{F8CC22BF-EBB7-40DF-B034-2323684D9F84}.Release|Any CPU.Build.0 = Release|Any CPU
		{27D7BEDF-4397-4DA2-AD67-7D07FAF9ED98}.Debug|Any CPU.ActiveCfg = Debug|Any CPU
		{27D7BEDF-4397-4DA2-AD67-7D07FAF9ED98}.Debug|Any CPU.Build.0 = Debug|Any CPU
		{27D7BEDF-4397-4DA2-AD67-7D07FAF9ED98}.Release|Any CPU.ActiveCfg = Release|Any CPU
		{27D7BEDF-4397-4DA2-AD67-7D07FAF9ED98}.Release|Any CPU.Build.0 = Release|Any CPU
		{BEBBC4AA-809B-4EA2-940C-027385D0D8CF}.Debug|Any CPU.ActiveCfg = Debug|Any CPU
		{BEBBC4AA-809B-4EA2-940C-027385D0D8CF}.Debug|Any CPU.Build.0 = Debug|Any CPU
		{BEBBC4AA-809B-4EA2-940C-027385D0D8CF}.Release|Any CPU.ActiveCfg = Release|Any CPU
		{BEBBC4AA-809B-4EA2-940C-027385D0D8CF}.Release|Any CPU.Build.0 = Release|Any CPU
	EndGlobalSection
	GlobalSection(SolutionProperties) = preSolution
		HideSolutionNode = FALSE
	EndGlobalSection
	GlobalSection(ExtensibilityGlobals) = postSolution
		SolutionGuid = {A22DF718-F774-45FC-AE05-871B7D4639A2}
	EndGlobalSection
EndGlobal
