
Microsoft Visual Studio Solution File, Format Version 12.00
# Visual Studio Version 17
VisualStudioVersion = 17.8.34511.84
MinimumVisualStudioVersion = 10.0.40219.1
Project("{FAE04EC0-301F-11D3-BF4B-00C04F79EFBC}") = "new", "new\new.csproj", "{83A4C720-54C3-4BAA-82CC-05EDD4A40A15}"
EndProject
Global
	GlobalSection(SolutionConfigurationPlatforms) = preSolution
		Debug|Any CPU = Debug|Any CPU
		Release|Any CPU = Release|Any CPU
	EndGlobalSection
	GlobalSection(ProjectConfigurationPlatforms) = postSolution
		{83A4C720-54C3-4BAA-82CC-05EDD4A40A15}.Debug|Any CPU.ActiveCfg = Debug|Any CPU
		{83A4C720-54C3-4BAA-82CC-05EDD4A40A15}.Debug|Any CPU.Build.0 = Debug|Any CPU
		{83A4C720-54C3-4BAA-82CC-05EDD4A40A15}.Release|Any CPU.ActiveCfg = Release|Any CPU
		{83A4C720-54C3-4BAA-82CC-05EDD4A40A15}.Release|Any CPU.Build.0 = Release|Any CPU
	EndGlobalSection
	GlobalSection(SolutionProperties) = preSolution
		HideSolutionNode = FALSE
	EndGlobalSection
	GlobalSection(ExtensibilityGlobals) = postSolution
		SolutionGuid = {AE26B6DC-D4B4-4660-BF29-6989D099037A}
	EndGlobalSection
EndGlobal
