
Microsoft Visual Studio Solution File, Format Version 12.00
# Visual Studio Version 17
VisualStudioVersion = 17.8.34525.116
MinimumVisualStudioVersion = 10.0.40219.1
Project("{FAE04EC0-301F-11D3-BF4B-00C04F79EFBC}") = "SeaChess2", "SeaChess2\SeaChess2.csproj", "{A34DF924-290E-49B0-BD51-D07FAFE59253}"
EndProject
Global
	GlobalSection(SolutionConfigurationPlatforms) = preSolution
		Debug|Any CPU = Debug|Any CPU
		Release|Any CPU = Release|Any CPU
	EndGlobalSection
	GlobalSection(ProjectConfigurationPlatforms) = postSolution
		{A34DF924-290E-49B0-BD51-D07FAFE59253}.Debug|Any CPU.ActiveCfg = Debug|Any CPU
		{A34DF924-290E-49B0-BD51-D07FAFE59253}.Debug|Any CPU.Build.0 = Debug|Any CPU
		{A34DF924-290E-49B0-BD51-D07FAFE59253}.Release|Any CPU.ActiveCfg = Release|Any CPU
		{A34DF924-290E-49B0-BD51-D07FAFE59253}.Release|Any CPU.Build.0 = Release|Any CPU
	EndGlobalSection
	GlobalSection(SolutionProperties) = preSolution
		HideSolutionNode = FALSE
	EndGlobalSection
	GlobalSection(ExtensibilityGlobals) = postSolution
		SolutionGuid = {13ACE139-F065-41B7-A04B-D03DB22F887C}
	EndGlobalSection
EndGlobal
