
Microsoft Visual Studio Solution File, Format Version 12.00
# Visual Studio Version 17
VisualStudioVersion = 17.8.34525.116
MinimumVisualStudioVersion = 10.0.40219.1
Project("{FAE04EC0-301F-11D3-BF4B-00C04F79EFBC}") = "MenuApp", "MenuApp\MenuApp.csproj", "{969E25DD-CB0F-4896-A160-2EEAFC1CEC78}"
EndProject
Global
	GlobalSection(SolutionConfigurationPlatforms) = preSolution
		Debug|Any CPU = Debug|Any CPU
		Release|Any CPU = Release|Any CPU
	EndGlobalSection
	GlobalSection(ProjectConfigurationPlatforms) = postSolution
		{969E25DD-CB0F-4896-A160-2EEAFC1CEC78}.Debug|Any CPU.ActiveCfg = Debug|Any CPU
		{969E25DD-CB0F-4896-A160-2EEAFC1CEC78}.Debug|Any CPU.Build.0 = Debug|Any CPU
		{969E25DD-CB0F-4896-A160-2EEAFC1CEC78}.Release|Any CPU.ActiveCfg = Release|Any CPU
		{969E25DD-CB0F-4896-A160-2EEAFC1CEC78}.Release|Any CPU.Build.0 = Release|Any CPU
	EndGlobalSection
	GlobalSection(SolutionProperties) = preSolution
		HideSolutionNode = FALSE
	EndGlobalSection
	GlobalSection(ExtensibilityGlobals) = postSolution
		SolutionGuid = {290AA51A-661A-4392-BF99-565480F1F99D}
	EndGlobalSection
EndGlobal
