
Microsoft Visual Studio Solution File, Format Version 12.00
# Visual Studio Version 17
VisualStudioVersion = 17.8.34511.84
MinimumVisualStudioVersion = 10.0.40219.1
Project("{9A19103F-16F7-4668-BE54-9A1E7A4F7556}") = "14.03.24", "14.03.24\14.03.24.csproj", "{58E9561A-10DC-43B5-997A-EFF623A67A30}"
EndProject
Project("{9A19103F-16F7-4668-BE54-9A1E7A4F7556}") = "14.03.241", "14.03.241\14.03.241.csproj", "{E56C00B6-1C36-45F0-8230-1CD0FACE8E4F}"
EndProject
Project("{9A19103F-16F7-4668-BE54-9A1E7A4F7556}") = "14.03.242", "14.03.242\14.03.242.csproj", "{28AAB2B4-B03A-4580-8C27-0AE9B8AD3A0B}"
EndProject
Project("{9A19103F-16F7-4668-BE54-9A1E7A4F7556}") = "14.03.243", "14.03.243\14.03.243.csproj", "{4CC1A07A-3B40-42E6-BC28-D1E9B299353D}"
EndProject
Project("{9A19103F-16F7-4668-BE54-9A1E7A4F7556}") = "14.03.244", "14.03.244\14.03.244.csproj", "{8F3FE6B5-2181-4ABC-84F7-2289F70EE196}"
EndProject
Project("{9A19103F-16F7-4668-BE54-9A1E7A4F7556}") = "14.03.245", "14.03.245\14.03.245.csproj", "{B2BF9671-7047-40C3-9388-F28252664486}"
EndProject
Project("{9A19103F-16F7-4668-BE54-9A1E7A4F7556}") = "14.03.246", "14.03.246\14.03.246.csproj", "{702C3C5E-FC40-40FF-A5D0-02C14A4E03F4}"
EndProject
Project("{9A19103F-16F7-4668-BE54-9A1E7A4F7556}") = "14.03.247", "14.03.247\14.03.247.csproj", "{CEC2F7FD-8D2A-41F3-BA74-B6C9243A66D9}"
EndProject
Project("{9A19103F-16F7-4668-BE54-9A1E7A4F7556}") = "14.03.248", "14.03.248\14.03.248.csproj", "{04CE8767-A94F-49F4-B2A3-E1F089CF68EF}"
EndProject
Project("{9A19103F-16F7-4668-BE54-9A1E7A4F7556}") = "14.03.249", "14.03.249\14.03.249.csproj", "{0A4368AF-3809-436A-8BE6-E8AEFB8E6574}"
EndProject
Project("{9A19103F-16F7-4668-BE54-9A1E7A4F7556}") = "15.0324", "15.0324\15.0324.csproj", "{1099D576-0372-42CC-B07D-7CB63376925A}"
EndProject
Project("{9A19103F-16F7-4668-BE54-9A1E7A4F7556}") = "15.03.24", "15.03.24\15.03.24.csproj", "{118D5D0A-D8E9-4ADC-8E5E-25F9DCF63182}"
EndProject
Project("{9A19103F-16F7-4668-BE54-9A1E7A4F7556}") = "15.03.241", "15.03.241\15.03.241.csproj", "{15F3555D-13EB-4C86-8C26-408E2C310B0F}"
EndProject
Project("{FAE04EC0-301F-11D3-BF4B-00C04F79EFBC}") = "15.03.242", "15.03.242\15.03.242.csproj", "{CE43C975-C4DA-4FF9-A4B0-7F0D4877E8C7}"
EndProject
Global
	GlobalSection(SolutionConfigurationPlatforms) = preSolution
		Debug|Any CPU = Debug|Any CPU
		Release|Any CPU = Release|Any CPU
	EndGlobalSection
	GlobalSection(ProjectConfigurationPlatforms) = postSolution
		{58E9561A-10DC-43B5-997A-EFF623A67A30}.Debug|Any CPU.ActiveCfg = Debug|Any CPU
		{58E9561A-10DC-43B5-997A-EFF623A67A30}.Debug|Any CPU.Build.0 = Debug|Any CPU
		{58E9561A-10DC-43B5-997A-EFF623A67A30}.Release|Any CPU.ActiveCfg = Release|Any CPU
		{58E9561A-10DC-43B5-997A-EFF623A67A30}.Release|Any CPU.Build.0 = Release|Any CPU
		{E56C00B6-1C36-45F0-8230-1CD0FACE8E4F}.Debug|Any CPU.ActiveCfg = Debug|Any CPU
		{E56C00B6-1C36-45F0-8230-1CD0FACE8E4F}.Debug|Any CPU.Build.0 = Debug|Any CPU
		{E56C00B6-1C36-45F0-8230-1CD0FACE8E4F}.Release|Any CPU.ActiveCfg = Release|Any CPU
		{E56C00B6-1C36-45F0-8230-1CD0FACE8E4F}.Release|Any CPU.Build.0 = Release|Any CPU
		{28AAB2B4-B03A-4580-8C27-0AE9B8AD3A0B}.Debug|Any CPU.ActiveCfg = Debug|Any CPU
		{28AAB2B4-B03A-4580-8C27-0AE9B8AD3A0B}.Debug|Any CPU.Build.0 = Debug|Any CPU
		{28AAB2B4-B03A-4580-8C27-0AE9B8AD3A0B}.Release|Any CPU.ActiveCfg = Release|Any CPU
		{28AAB2B4-B03A-4580-8C27-0AE9B8AD3A0B}.Release|Any CPU.Build.0 = Release|Any CPU
		{4CC1A07A-3B40-42E6-BC28-D1E9B299353D}.Debug|Any CPU.ActiveCfg = Debug|Any CPU
		{4CC1A07A-3B40-42E6-BC28-D1E9B299353D}.Debug|Any CPU.Build.0 = Debug|Any CPU
		{4CC1A07A-3B40-42E6-BC28-D1E9B299353D}.Release|Any CPU.ActiveCfg = Release|Any CPU
		{4CC1A07A-3B40-42E6-BC28-D1E9B299353D}.Release|Any CPU.Build.0 = Release|Any CPU
		{8F3FE6B5-2181-4ABC-84F7-2289F70EE196}.Debug|Any CPU.ActiveCfg = Debug|Any CPU
		{8F3FE6B5-2181-4ABC-84F7-2289F70EE196}.Debug|Any CPU.Build.0 = Debug|Any CPU
		{8F3FE6B5-2181-4ABC-84F7-2289F70EE196}.Release|Any CPU.ActiveCfg = Release|Any CPU
		{8F3FE6B5-2181-4ABC-84F7-2289F70EE196}.Release|Any CPU.Build.0 = Release|Any CPU
		{B2BF9671-7047-40C3-9388-F28252664486}.Debug|Any CPU.ActiveCfg = Debug|Any CPU
		{B2BF9671-7047-40C3-9388-F28252664486}.Debug|Any CPU.Build.0 = Debug|Any CPU
		{B2BF9671-7047-40C3-9388-F28252664486}.Release|Any CPU.ActiveCfg = Release|Any CPU
		{B2BF9671-7047-40C3-9388-F28252664486}.Release|Any CPU.Build.0 = Release|Any CPU
		{702C3C5E-FC40-40FF-A5D0-02C14A4E03F4}.Debug|Any CPU.ActiveCfg = Debug|Any CPU
		{702C3C5E-FC40-40FF-A5D0-02C14A4E03F4}.Debug|Any CPU.Build.0 = Debug|Any CPU
		{702C3C5E-FC40-40FF-A5D0-02C14A4E03F4}.Release|Any CPU.ActiveCfg = Release|Any CPU
		{702C3C5E-FC40-40FF-A5D0-02C14A4E03F4}.Release|Any CPU.Build.0 = Release|Any CPU
		{CEC2F7FD-8D2A-41F3-BA74-B6C9243A66D9}.Debug|Any CPU.ActiveCfg = Debug|Any CPU
		{CEC2F7FD-8D2A-41F3-BA74-B6C9243A66D9}.Debug|Any CPU.Build.0 = Debug|Any CPU
		{CEC2F7FD-8D2A-41F3-BA74-B6C9243A66D9}.Release|Any CPU.ActiveCfg = Release|Any CPU
		{CEC2F7FD-8D2A-41F3-BA74-B6C9243A66D9}.Release|Any CPU.Build.0 = Release|Any CPU
		{04CE8767-A94F-49F4-B2A3-E1F089CF68EF}.Debug|Any CPU.ActiveCfg = Debug|Any CPU
		{04CE8767-A94F-49F4-B2A3-E1F089CF68EF}.Debug|Any CPU.Build.0 = Debug|Any CPU
		{04CE8767-A94F-49F4-B2A3-E1F089CF68EF}.Release|Any CPU.ActiveCfg = Release|Any CPU
		{04CE8767-A94F-49F4-B2A3-E1F089CF68EF}.Release|Any CPU.Build.0 = Release|Any CPU
		{0A4368AF-3809-436A-8BE6-E8AEFB8E6574}.Debug|Any CPU.ActiveCfg = Debug|Any CPU
		{0A4368AF-3809-436A-8BE6-E8AEFB8E6574}.Debug|Any CPU.Build.0 = Debug|Any CPU
		{0A4368AF-3809-436A-8BE6-E8AEFB8E6574}.Release|Any CPU.ActiveCfg = Release|Any CPU
		{0A4368AF-3809-436A-8BE6-E8AEFB8E6574}.Release|Any CPU.Build.0 = Release|Any CPU
		{1099D576-0372-42CC-B07D-7CB63376925A}.Debug|Any CPU.ActiveCfg = Debug|Any CPU
		{1099D576-0372-42CC-B07D-7CB63376925A}.Debug|Any CPU.Build.0 = Debug|Any CPU
		{1099D576-0372-42CC-B07D-7CB63376925A}.Release|Any CPU.ActiveCfg = Release|Any CPU
		{1099D576-0372-42CC-B07D-7CB63376925A}.Release|Any CPU.Build.0 = Release|Any CPU
		{118D5D0A-D8E9-4ADC-8E5E-25F9DCF63182}.Debug|Any CPU.ActiveCfg = Debug|Any CPU
		{118D5D0A-D8E9-4ADC-8E5E-25F9DCF63182}.Debug|Any CPU.Build.0 = Debug|Any CPU
		{118D5D0A-D8E9-4ADC-8E5E-25F9DCF63182}.Release|Any CPU.ActiveCfg = Release|Any CPU
		{118D5D0A-D8E9-4ADC-8E5E-25F9DCF63182}.Release|Any CPU.Build.0 = Release|Any CPU
		{15F3555D-13EB-4C86-8C26-408E2C310B0F}.Debug|Any CPU.ActiveCfg = Debug|Any CPU
		{15F3555D-13EB-4C86-8C26-408E2C310B0F}.Debug|Any CPU.Build.0 = Debug|Any CPU
		{15F3555D-13EB-4C86-8C26-408E2C310B0F}.Release|Any CPU.ActiveCfg = Release|Any CPU
		{15F3555D-13EB-4C86-8C26-408E2C310B0F}.Release|Any CPU.Build.0 = Release|Any CPU
		{CE43C975-C4DA-4FF9-A4B0-7F0D4877E8C7}.Debug|Any CPU.ActiveCfg = Debug|Any CPU
		{CE43C975-C4DA-4FF9-A4B0-7F0D4877E8C7}.Debug|Any CPU.Build.0 = Debug|Any CPU
		{CE43C975-C4DA-4FF9-A4B0-7F0D4877E8C7}.Release|Any CPU.ActiveCfg = Release|Any CPU
		{CE43C975-C4DA-4FF9-A4B0-7F0D4877E8C7}.Release|Any CPU.Build.0 = Release|Any CPU
	EndGlobalSection
	GlobalSection(SolutionProperties) = preSolution
		HideSolutionNode = FALSE
	EndGlobalSection
	GlobalSection(ExtensibilityGlobals) = postSolution
		SolutionGuid = {97A89FC4-271E-4F93-B545-2A473337CFE4}
	EndGlobalSection
EndGlobal
