
Microsoft Visual Studio Solution File, Format Version 12.00
# Visual Studio Version 17
VisualStudioVersion = 17.8.34525.116
MinimumVisualStudioVersion = 10.0.40219.1
Project("{FAE04EC0-301F-11D3-BF4B-00C04F79EFBC}") = "DataGridView", "DataGridView\DataGridView.csproj", "{92123424-CE18-47EF-B006-8E0FE768E602}"
EndProject
Global
	GlobalSection(SolutionConfigurationPlatforms) = preSolution
		Debug|Any CPU = Debug|Any CPU
		Release|Any CPU = Release|Any CPU
	EndGlobalSection
	GlobalSection(ProjectConfigurationPlatforms) = postSolution
		{92123424-CE18-47EF-B006-8E0FE768E602}.Debug|Any CPU.ActiveCfg = Debug|Any CPU
		{92123424-CE18-47EF-B006-8E0FE768E602}.Debug|Any CPU.Build.0 = Debug|Any CPU
		{92123424-CE18-47EF-B006-8E0FE768E602}.Release|Any CPU.ActiveCfg = Release|Any CPU
		{92123424-CE18-47EF-B006-8E0FE768E602}.Release|Any CPU.Build.0 = Release|Any CPU
	EndGlobalSection
	GlobalSection(SolutionProperties) = preSolution
		HideSolutionNode = FALSE
	EndGlobalSection
	GlobalSection(ExtensibilityGlobals) = postSolution
		SolutionGuid = {28DC4E1B-BD65-4610-8EC6-0F212632DC9B}
	EndGlobalSection
EndGlobal
