
Microsoft Visual Studio Solution File, Format Version 12.00
# Visual Studio Version 17
VisualStudioVersion = 17.7.34221.43
MinimumVisualStudioVersion = 10.0.40219.1
Project("{FAE04EC0-301F-11D3-BF4B-00C04F79EFBC}") = "LoopsHomework", "LoopsHomework\LoopsHomework.csproj", "{84AE3949-6F33-453B-8009-FE1619608EA6}"
EndProject
Global
	GlobalSection(SolutionConfigurationPlatforms) = preSolution
		Debug|Any CPU = Debug|Any CPU
		Release|Any CPU = Release|Any CPU
	EndGlobalSection
	GlobalSection(ProjectConfigurationPlatforms) = postSolution
		{84AE3949-6F33-453B-8009-FE1619608EA6}.Debug|Any CPU.ActiveCfg = Debug|Any CPU
		{84AE3949-6F33-453B-8009-FE1619608EA6}.Debug|Any CPU.Build.0 = Debug|Any CPU
		{84AE3949-6F33-453B-8009-FE1619608EA6}.Release|Any CPU.ActiveCfg = Release|Any CPU
		{84AE3949-6F33-453B-8009-FE1619608EA6}.Release|Any CPU.Build.0 = Release|Any CPU
	EndGlobalSection
	GlobalSection(SolutionProperties) = preSolution
		HideSolutionNode = FALSE
	EndGlobalSection
	GlobalSection(ExtensibilityGlobals) = postSolution
		SolutionGuid = {5EF1A5B4-D605-4AE7-8E4B-75C944A0A56F}
	EndGlobalSection
EndGlobal
