
Microsoft Visual Studio Solution File, Format Version 12.00
# Visual Studio Version 17
VisualStudioVersion = 17.9.34622.214
MinimumVisualStudioVersion = 10.0.40219.1
Project("{FAE04EC0-301F-11D3-BF4B-00C04F79EFBC}") = "01.Student", "01.Student\01.Student.csproj", "{2C50EBD3-FF4F-452A-A12A-889BBAB608AA}"
EndProject
Project("{FAE04EC0-301F-11D3-BF4B-00C04F79EFBC}") = "02.People", "02.People\02.People.csproj", "{0731B0FD-0818-4200-BFA2-006E218911A6}"
EndProject
Global
	GlobalSection(SolutionConfigurationPlatforms) = preSolution
		Debug|Any CPU = Debug|Any CPU
		Release|Any CPU = Release|Any CPU
	EndGlobalSection
	GlobalSection(ProjectConfigurationPlatforms) = postSolution
		{2C50EBD3-FF4F-452A-A12A-889BBAB608AA}.Debug|Any CPU.ActiveCfg = Debug|Any CPU
		{2C50EBD3-FF4F-452A-A12A-889BBAB608AA}.Debug|Any CPU.Build.0 = Debug|Any CPU
		{2C50EBD3-FF4F-452A-A12A-889BBAB608AA}.Release|Any CPU.ActiveCfg = Release|Any CPU
		{2C50EBD3-FF4F-452A-A12A-889BBAB608AA}.Release|Any CPU.Build.0 = Release|Any CPU
		{0731B0FD-0818-4200-BFA2-006E218911A6}.Debug|Any CPU.ActiveCfg = Debug|Any CPU
		{0731B0FD-0818-4200-BFA2-006E218911A6}.Debug|Any CPU.Build.0 = Debug|Any CPU
		{0731B0FD-0818-4200-BFA2-006E218911A6}.Release|Any CPU.ActiveCfg = Release|Any CPU
		{0731B0FD-0818-4200-BFA2-006E218911A6}.Release|Any CPU.Build.0 = Release|Any CPU
	EndGlobalSection
	GlobalSection(SolutionProperties) = preSolution
		HideSolutionNode = FALSE
	EndGlobalSection
	GlobalSection(ExtensibilityGlobals) = postSolution
		SolutionGuid = {69A83CB1-CEE9-4EB4-8D50-75D9E91C815D}
	EndGlobalSection
EndGlobal
