
Microsoft Visual Studio Solution File, Format Version 12.00
# Visual Studio Version 17
VisualStudioVersion = 17.8.34511.84
MinimumVisualStudioVersion = 10.0.40219.1
Project("{FAE04EC0-301F-11D3-BF4B-00C04F79EFBC}") = "zhelev", "zhelev.csproj", "{545BCF05-CBF4-4F4A-A519-F8879940F788}"
EndProject
Global
	GlobalSection(SolutionConfigurationPlatforms) = preSolution
		Debug|Any CPU = Debug|Any CPU
		Release|Any CPU = Release|Any CPU
	EndGlobalSection
	GlobalSection(ProjectConfigurationPlatforms) = postSolution
		{545BCF05-CBF4-4F4A-A519-F8879940F788}.Debug|Any CPU.ActiveCfg = Debug|Any CPU
		{545BCF05-CBF4-4F4A-A519-F8879940F788}.Debug|Any CPU.Build.0 = Debug|Any CPU
		{545BCF05-CBF4-4F4A-A519-F8879940F788}.Release|Any CPU.ActiveCfg = Release|Any CPU
		{545BCF05-CBF4-4F4A-A519-F8879940F788}.Release|Any CPU.Build.0 = Release|Any CPU
	EndGlobalSection
	GlobalSection(SolutionProperties) = preSolution
		HideSolutionNode = FALSE
	EndGlobalSection
	GlobalSection(ExtensibilityGlobals) = postSolution
		SolutionGuid = {784A831E-547D-494F-A2B0-F5ADA01A2848}
	EndGlobalSection
EndGlobal
