
Microsoft Visual Studio Solution File, Format Version 12.00
# Visual Studio Version 17
VisualStudioVersion = 17.9.34622.214
MinimumVisualStudioVersion = 10.0.40219.1
Project("{FAE04EC0-301F-11D3-BF4B-00C04F79EFBC}") = "01.Phone", "01.Phone\01.Phone.csproj", "{D80D2A46-DA07-4BD3-AB40-78C7DAF44677}"
EndProject
Project("{FAE04EC0-301F-11D3-BF4B-00C04F79EFBC}") = "02.ReadTry", "02.ReadTry\02.ReadTry.csproj", "{A2DBB3CD-F430-4CD0-9CB5-B92B4D398B50}"
EndProject
Global
	GlobalSection(SolutionConfigurationPlatforms) = preSolution
		Debug|Any CPU = Debug|Any CPU
		Release|Any CPU = Release|Any CPU
	EndGlobalSection
	GlobalSection(ProjectConfigurationPlatforms) = postSolution
		{D80D2A46-DA07-4BD3-AB40-78C7DAF44677}.Debug|Any CPU.ActiveCfg = Debug|Any CPU
		{D80D2A46-DA07-4BD3-AB40-78C7DAF44677}.Debug|Any CPU.Build.0 = Debug|Any CPU
		{D80D2A46-DA07-4BD3-AB40-78C7DAF44677}.Release|Any CPU.ActiveCfg = Release|Any CPU
		{D80D2A46-DA07-4BD3-AB40-78C7DAF44677}.Release|Any CPU.Build.0 = Release|Any CPU
		{A2DBB3CD-F430-4CD0-9CB5-B92B4D398B50}.Debug|Any CPU.ActiveCfg = Debug|Any CPU
		{A2DBB3CD-F430-4CD0-9CB5-B92B4D398B50}.Debug|Any CPU.Build.0 = Debug|Any CPU
		{A2DBB3CD-F430-4CD0-9CB5-B92B4D398B50}.Release|Any CPU.ActiveCfg = Release|Any CPU
		{A2DBB3CD-F430-4CD0-9CB5-B92B4D398B50}.Release|Any CPU.Build.0 = Release|Any CPU
	EndGlobalSection
	GlobalSection(SolutionProperties) = preSolution
		HideSolutionNode = FALSE
	EndGlobalSection
	GlobalSection(ExtensibilityGlobals) = postSolution
		SolutionGuid = {3DA9829F-B7D3-4C89-9C3A-65B6025FFD1E}
	EndGlobalSection
EndGlobal
