
Microsoft Visual Studio Solution File, Format Version 12.00
# Visual Studio Version 17
VisualStudioVersion = 17.9.34622.214
MinimumVisualStudioVersion = 10.0.40219.1
Project("{FAE04EC0-301F-11D3-BF4B-00C04F79EFBC}") = "14.03.Array", "14.03.Array\14.03.Array.csproj", "{CC93C388-C734-4294-9000-181D0C62F2EC}"
EndProject
Project("{FAE04EC0-301F-11D3-BF4B-00C04F79EFBC}") = "Ex.1", "Ex.1\Ex.1.csproj", "{289A6926-5C80-40E0-9E5B-F3A348E5D6BA}"
EndProject
Project("{FAE04EC0-301F-11D3-BF4B-00C04F79EFBC}") = "Ex.3", "Ex.3\Ex.3.csproj", "{16B6B34C-9E3B-40C2-802C-B662DF5875F5}"
EndProject
Project("{FAE04EC0-301F-11D3-BF4B-00C04F79EFBC}") = "Ex.4", "Ex.4\Ex.4.csproj", "{87E221E4-4009-4C5C-8064-FCD15972A699}"
EndProject
Project("{FAE04EC0-301F-11D3-BF4B-00C04F79EFBC}") = "Ex.5", "Ex.5\Ex.5.csproj", "{7770355F-8DCC-4197-97E9-114504CD209F}"
EndProject
Project("{FAE04EC0-301F-11D3-BF4B-00C04F79EFBC}") = "Ex.6", "Ex.6\Ex.6.csproj", "{4F2CB76C-0340-4120-AFAD-DA939A17D2BA}"
EndProject
Project("{FAE04EC0-301F-11D3-BF4B-00C04F79EFBC}") = "Ex.7", "Ex.7\Ex.7.csproj", "{456C8A41-D1AC-44C2-B125-DF5EF471155B}"
EndProject
Project("{FAE04EC0-301F-11D3-BF4B-00C04F79EFBC}") = "Ex.8", "Ex.8\Ex.8.csproj", "{183A0AC6-1595-4DCB-B5D5-0A7AC0976D27}"
EndProject
Project("{FAE04EC0-301F-11D3-BF4B-00C04F79EFBC}") = "Ex.9", "Ex.9\Ex.9.csproj", "{71DA6B02-BD56-4911-AA48-2BA86CF3451D}"
EndProject
Project("{FAE04EC0-301F-11D3-BF4B-00C04F79EFBC}") = "Ex.10", "Ex.10\Ex.10.csproj", "{7E4971EB-5238-4BA2-A52A-D877D20C4AFA}"
EndProject
Global
	GlobalSection(SolutionConfigurationPlatforms) = preSolution
		Debug|Any CPU = Debug|Any CPU
		Release|Any CPU = Release|Any CPU
	EndGlobalSection
	GlobalSection(ProjectConfigurationPlatforms) = postSolution
		{CC93C388-C734-4294-9000-181D0C62F2EC}.Debug|Any CPU.ActiveCfg = Debug|Any CPU
		{CC93C388-C734-4294-9000-181D0C62F2EC}.Debug|Any CPU.Build.0 = Debug|Any CPU
		{CC93C388-C734-4294-9000-181D0C62F2EC}.Release|Any CPU.ActiveCfg = Release|Any CPU
		{CC93C388-C734-4294-9000-181D0C62F2EC}.Release|Any CPU.Build.0 = Release|Any CPU
		{289A6926-5C80-40E0-9E5B-F3A348E5D6BA}.Debug|Any CPU.ActiveCfg = Debug|Any CPU
		{289A6926-5C80-40E0-9E5B-F3A348E5D6BA}.Debug|Any CPU.Build.0 = Debug|Any CPU
		{289A6926-5C80-40E0-9E5B-F3A348E5D6BA}.Release|Any CPU.ActiveCfg = Release|Any CPU
		{289A6926-5C80-40E0-9E5B-F3A348E5D6BA}.Release|Any CPU.Build.0 = Release|Any CPU
		{16B6B34C-9E3B-40C2-802C-B662DF5875F5}.Debug|Any CPU.ActiveCfg = Debug|Any CPU
		{16B6B34C-9E3B-40C2-802C-B662DF5875F5}.Debug|Any CPU.Build.0 = Debug|Any CPU
		{16B6B34C-9E3B-40C2-802C-B662DF5875F5}.Release|Any CPU.ActiveCfg = Release|Any CPU
		{16B6B34C-9E3B-40C2-802C-B662DF5875F5}.Release|Any CPU.Build.0 = Release|Any CPU
		{87E221E4-4009-4C5C-8064-FCD15972A699}.Debug|Any CPU.ActiveCfg = Debug|Any CPU
		{87E221E4-4009-4C5C-8064-FCD15972A699}.Debug|Any CPU.Build.0 = Debug|Any CPU
		{87E221E4-4009-4C5C-8064-FCD15972A699}.Release|Any CPU.ActiveCfg = Release|Any CPU
		{87E221E4-4009-4C5C-8064-FCD15972A699}.Release|Any CPU.Build.0 = Release|Any CPU
		{7770355F-8DCC-4197-97E9-114504CD209F}.Debug|Any CPU.ActiveCfg = Debug|Any CPU
		{7770355F-8DCC-4197-97E9-114504CD209F}.Debug|Any CPU.Build.0 = Debug|Any CPU
		{7770355F-8DCC-4197-97E9-114504CD209F}.Release|Any CPU.ActiveCfg = Release|Any CPU
		{7770355F-8DCC-4197-97E9-114504CD209F}.Release|Any CPU.Build.0 = Release|Any CPU
		{4F2CB76C-0340-4120-AFAD-DA939A17D2BA}.Debug|Any CPU.ActiveCfg = Debug|Any CPU
		{4F2CB76C-0340-4120-AFAD-DA939A17D2BA}.Debug|Any CPU.Build.0 = Debug|Any CPU
		{4F2CB76C-0340-4120-AFAD-DA939A17D2BA}.Release|Any CPU.ActiveCfg = Release|Any CPU
		{4F2CB76C-0340-4120-AFAD-DA939A17D2BA}.Release|Any CPU.Build.0 = Release|Any CPU
		{456C8A41-D1AC-44C2-B125-DF5EF471155B}.Debug|Any CPU.ActiveCfg = Debug|Any CPU
		{456C8A41-D1AC-44C2-B125-DF5EF471155B}.Debug|Any CPU.Build.0 = Debug|Any CPU
		{456C8A41-D1AC-44C2-B125-DF5EF471155B}.Release|Any CPU.ActiveCfg = Release|Any CPU
		{456C8A41-D1AC-44C2-B125-DF5EF471155B}.Release|Any CPU.Build.0 = Release|Any CPU
		{183A0AC6-1595-4DCB-B5D5-0A7AC0976D27}.Debug|Any CPU.ActiveCfg = Debug|Any CPU
		{183A0AC6-1595-4DCB-B5D5-0A7AC0976D27}.Debug|Any CPU.Build.0 = Debug|Any CPU
		{183A0AC6-1595-4DCB-B5D5-0A7AC0976D27}.Release|Any CPU.ActiveCfg = Release|Any CPU
		{183A0AC6-1595-4DCB-B5D5-0A7AC0976D27}.Release|Any CPU.Build.0 = Release|Any CPU
		{71DA6B02-BD56-4911-AA48-2BA86CF3451D}.Debug|Any CPU.ActiveCfg = Debug|Any CPU
		{71DA6B02-BD56-4911-AA48-2BA86CF3451D}.Debug|Any CPU.Build.0 = Debug|Any CPU
		{71DA6B02-BD56-4911-AA48-2BA86CF3451D}.Release|Any CPU.ActiveCfg = Release|Any CPU
		{71DA6B02-BD56-4911-AA48-2BA86CF3451D}.Release|Any CPU.Build.0 = Release|Any CPU
		{7E4971EB-5238-4BA2-A52A-D877D20C4AFA}.Debug|Any CPU.ActiveCfg = Debug|Any CPU
		{7E4971EB-5238-4BA2-A52A-D877D20C4AFA}.Debug|Any CPU.Build.0 = Debug|Any CPU
		{7E4971EB-5238-4BA2-A52A-D877D20C4AFA}.Release|Any CPU.ActiveCfg = Release|Any CPU
		{7E4971EB-5238-4BA2-A52A-D877D20C4AFA}.Release|Any CPU.Build.0 = Release|Any CPU
	EndGlobalSection
	GlobalSection(SolutionProperties) = preSolution
		HideSolutionNode = FALSE
	EndGlobalSection
	GlobalSection(ExtensibilityGlobals) = postSolution
		SolutionGuid = {A8BABD92-7B0E-4F0D-93AA-95D769B93C98}
	EndGlobalSection
EndGlobal
