
Microsoft Visual Studio Solution File, Format Version 12.00
# Visual Studio Version 17
VisualStudioVersion = 17.9.34622.214
MinimumVisualStudioVersion = 10.0.40219.1
Project("{FAE04EC0-301F-11D3-BF4B-00C04F79EFBC}") = "01.Person", "01.Person\01.Person.csproj", "{0B362FD9-65A6-42AD-B065-87B75FBB35B3}"
EndProject
Project("{FAE04EC0-301F-11D3-BF4B-00C04F79EFBC}") = "02.Movies", "02.Movies\02.Movies.csproj", "{7D06D1CD-6C19-4447-A598-15083F4AA8F4}"
EndProject
Project("{FAE04EC0-301F-11D3-BF4B-00C04F79EFBC}") = "03.Items", "03.Items\03.Items.csproj", "{5D5CDCEB-D46F-4AD4-A462-1DC4EAE62A5B}"
EndProject
Global
	GlobalSection(SolutionConfigurationPlatforms) = preSolution
		Debug|Any CPU = Debug|Any CPU
		Release|Any CPU = Release|Any CPU
	EndGlobalSection
	GlobalSection(ProjectConfigurationPlatforms) = postSolution
		{0B362FD9-65A6-42AD-B065-87B75FBB35B3}.Debug|Any CPU.ActiveCfg = Debug|Any CPU
		{0B362FD9-65A6-42AD-B065-87B75FBB35B3}.Debug|Any CPU.Build.0 = Debug|Any CPU
		{0B362FD9-65A6-42AD-B065-87B75FBB35B3}.Release|Any CPU.ActiveCfg = Release|Any CPU
		{0B362FD9-65A6-42AD-B065-87B75FBB35B3}.Release|Any CPU.Build.0 = Release|Any CPU
		{7D06D1CD-6C19-4447-A598-15083F4AA8F4}.Debug|Any CPU.ActiveCfg = Debug|Any CPU
		{7D06D1CD-6C19-4447-A598-15083F4AA8F4}.Debug|Any CPU.Build.0 = Debug|Any CPU
		{7D06D1CD-6C19-4447-A598-15083F4AA8F4}.Release|Any CPU.ActiveCfg = Release|Any CPU
		{7D06D1CD-6C19-4447-A598-15083F4AA8F4}.Release|Any CPU.Build.0 = Release|Any CPU
		{5D5CDCEB-D46F-4AD4-A462-1DC4EAE62A5B}.Debug|Any CPU.ActiveCfg = Debug|Any CPU
		{5D5CDCEB-D46F-4AD4-A462-1DC4EAE62A5B}.Debug|Any CPU.Build.0 = Debug|Any CPU
		{5D5CDCEB-D46F-4AD4-A462-1DC4EAE62A5B}.Release|Any CPU.ActiveCfg = Release|Any CPU
		{5D5CDCEB-D46F-4AD4-A462-1DC4EAE62A5B}.Release|Any CPU.Build.0 = Release|Any CPU
	EndGlobalSection
	GlobalSection(SolutionProperties) = preSolution
		HideSolutionNode = FALSE
	EndGlobalSection
	GlobalSection(ExtensibilityGlobals) = postSolution
		SolutionGuid = {90685A22-5389-4C4F-8FDF-7E8E28C81CE1}
	EndGlobalSection
EndGlobal
