
Microsoft Visual Studio Solution File, Format Version 12.00
# Visual Studio Version 17
VisualStudioVersion = 17.7.34221.43
MinimumVisualStudioVersion = 10.0.40219.1
Project("{FAE04EC0-301F-11D3-BF4B-00C04F79EFBC}") = "stefanova", "stefanova\stefanova.csproj", "{29853C26-8B52-48C6-AA88-C6B8192AEC11}"
EndProject
Global
	GlobalSection(SolutionConfigurationPlatforms) = preSolution
		Debug|Any CPU = Debug|Any CPU
		Release|Any CPU = Release|Any CPU
	EndGlobalSection
	GlobalSection(ProjectConfigurationPlatforms) = postSolution
		{29853C26-8B52-48C6-AA88-C6B8192AEC11}.Debug|Any CPU.ActiveCfg = Debug|Any CPU
		{29853C26-8B52-48C6-AA88-C6B8192AEC11}.Debug|Any CPU.Build.0 = Debug|Any CPU
		{29853C26-8B52-48C6-AA88-C6B8192AEC11}.Release|Any CPU.ActiveCfg = Release|Any CPU
		{29853C26-8B52-48C6-AA88-C6B8192AEC11}.Release|Any CPU.Build.0 = Release|Any CPU
	EndGlobalSection
	GlobalSection(SolutionProperties) = preSolution
		HideSolutionNode = FALSE
	EndGlobalSection
	GlobalSection(ExtensibilityGlobals) = postSolution
		SolutionGuid = {3E127427-5792-4054-8EDA-8CAE10BDC4F4}
	EndGlobalSection
EndGlobal
