
Microsoft Visual Studio Solution File, Format Version 12.00
# Visual Studio Version 17
VisualStudioVersion = 17.7.34221.43
MinimumVisualStudioVersion = 10.0.40219.1
Project("{FAE04EC0-301F-11D3-BF4B-00C04F79EFBC}") = "1.Cinema", "1.Cinema\1.Cinema.csproj", "{AD7C50DA-3A72-4F75-9522-F47551EF3CC4}"
EndProject
Project("{FAE04EC0-301F-11D3-BF4B-00C04F79EFBC}") = "2.SummerOutfit", "2.SummerOutfit\2.SummerOutfit.csproj", "{39C8E835-F6C1-43D0-A7E7-E8B8D41F11EF}"
EndProject
Project("{FAE04EC0-301F-11D3-BF4B-00C04F79EFBC}") = "3.NewHouse", "3.NewHouse\3.NewHouse.csproj", "{28EC6AF6-FAB7-470D-B67A-56B2099391E7}"
EndProject
Project("{FAE04EC0-301F-11D3-BF4B-00C04F79EFBC}") = "4.FishingBoat", "4.FishingBoat\4.FishingBoat.csproj", "{BCB48E6F-B3D2-4078-BE73-B39B861C1192}"
EndProject
Project("{FAE04EC0-301F-11D3-BF4B-00C04F79EFBC}") = "5.Journey", "5.Journey\5.Journey.csproj", "{69D55D69-6B0E-4933-B0A8-F572E89E8CB5}"
EndProject
Project("{FAE04EC0-301F-11D3-BF4B-00C04F79EFBC}") = "6.OperationsBetweenNumbers", "6.OperationsBetweenNumbers\6.OperationsBetweenNumbers.csproj", "{40217297-1A76-4FD3-8F49-C24D9FE214E2}"
EndProject
Project("{FAE04EC0-301F-11D3-BF4B-00C04F79EFBC}") = "7.HotelRoom", "7.HotelRoom\7.HotelRoom.csproj", "{BC269FDD-11E0-4385-8AE4-8661721BAA4B}"
EndProject
Project("{FAE04EC0-301F-11D3-BF4B-00C04F79EFBC}") = "8.OnTimeForTheExam", "8.OnTimeForTheExam\8.OnTimeForTheExam.csproj", "{F9A93348-DA55-429E-AB3A-62346E5DD1F1}"
EndProject
Project("{FAE04EC0-301F-11D3-BF4B-00C04F79EFBC}") = "9.SkiTrip", "9.SkiTrip\9.SkiTrip.csproj", "{A6DE67BE-DC65-4BAA-9560-637AB326DD12}"
EndProject
Global
	GlobalSection(SolutionConfigurationPlatforms) = preSolution
		Debug|Any CPU = Debug|Any CPU
		Release|Any CPU = Release|Any CPU
	EndGlobalSection
	GlobalSection(ProjectConfigurationPlatforms) = postSolution
		{AD7C50DA-3A72-4F75-9522-F47551EF3CC4}.Debug|Any CPU.ActiveCfg = Debug|Any CPU
		{AD7C50DA-3A72-4F75-9522-F47551EF3CC4}.Debug|Any CPU.Build.0 = Debug|Any CPU
		{AD7C50DA-3A72-4F75-9522-F47551EF3CC4}.Release|Any CPU.ActiveCfg = Release|Any CPU
		{AD7C50DA-3A72-4F75-9522-F47551EF3CC4}.Release|Any CPU.Build.0 = Release|Any CPU
		{39C8E835-F6C1-43D0-A7E7-E8B8D41F11EF}.Debug|Any CPU.ActiveCfg = Debug|Any CPU
		{39C8E835-F6C1-43D0-A7E7-E8B8D41F11EF}.Debug|Any CPU.Build.0 = Debug|Any CPU
		{39C8E835-F6C1-43D0-A7E7-E8B8D41F11EF}.Release|Any CPU.ActiveCfg = Release|Any CPU
		{39C8E835-F6C1-43D0-A7E7-E8B8D41F11EF}.Release|Any CPU.Build.0 = Release|Any CPU
		{28EC6AF6-FAB7-470D-B67A-56B2099391E7}.Debug|Any CPU.ActiveCfg = Debug|Any CPU
		{28EC6AF6-FAB7-470D-B67A-56B2099391E7}.Debug|Any CPU.Build.0 = Debug|Any CPU
		{28EC6AF6-FAB7-470D-B67A-56B2099391E7}.Release|Any CPU.ActiveCfg = Release|Any CPU
		{28EC6AF6-FAB7-470D-B67A-56B2099391E7}.Release|Any CPU.Build.0 = Release|Any CPU
		{BCB48E6F-B3D2-4078-BE73-B39B861C1192}.Debug|Any CPU.ActiveCfg = Debug|Any CPU
		{BCB48E6F-B3D2-4078-BE73-B39B861C1192}.Debug|Any CPU.Build.0 = Debug|Any CPU
		{BCB48E6F-B3D2-4078-BE73-B39B861C1192}.Release|Any CPU.ActiveCfg = Release|Any CPU
		{BCB48E6F-B3D2-4078-BE73-B39B861C1192}.Release|Any CPU.Build.0 = Release|Any CPU
		{69D55D69-6B0E-4933-B0A8-F572E89E8CB5}.Debug|Any CPU.ActiveCfg = Debug|Any CPU
		{69D55D69-6B0E-4933-B0A8-F572E89E8CB5}.Debug|Any CPU.Build.0 = Debug|Any CPU
		{69D55D69-6B0E-4933-B0A8-F572E89E8CB5}.Release|Any CPU.ActiveCfg = Release|Any CPU
		{69D55D69-6B0E-4933-B0A8-F572E89E8CB5}.Release|Any CPU.Build.0 = Release|Any CPU
		{40217297-1A76-4FD3-8F49-C24D9FE214E2}.Debug|Any CPU.ActiveCfg = Debug|Any CPU
		{40217297-1A76-4FD3-8F49-C24D9FE214E2}.Debug|Any CPU.Build.0 = Debug|Any CPU
		{40217297-1A76-4FD3-8F49-C24D9FE214E2}.Release|Any CPU.ActiveCfg = Release|Any CPU
		{40217297-1A76-4FD3-8F49-C24D9FE214E2}.Release|Any CPU.Build.0 = Release|Any CPU
		{BC269FDD-11E0-4385-8AE4-8661721BAA4B}.Debug|Any CPU.ActiveCfg = Debug|Any CPU
		{BC269FDD-11E0-4385-8AE4-8661721BAA4B}.Debug|Any CPU.Build.0 = Debug|Any CPU
		{BC269FDD-11E0-4385-8AE4-8661721BAA4B}.Release|Any CPU.ActiveCfg = Release|Any CPU
		{BC269FDD-11E0-4385-8AE4-8661721BAA4B}.Release|Any CPU.Build.0 = Release|Any CPU
		{F9A93348-DA55-429E-AB3A-62346E5DD1F1}.Debug|Any CPU.ActiveCfg = Debug|Any CPU
		{F9A93348-DA55-429E-AB3A-62346E5DD1F1}.Debug|Any CPU.Build.0 = Debug|Any CPU
		{F9A93348-DA55-429E-AB3A-62346E5DD1F1}.Release|Any CPU.ActiveCfg = Release|Any CPU
		{F9A93348-DA55-429E-AB3A-62346E5DD1F1}.Release|Any CPU.Build.0 = Release|Any CPU
		{A6DE67BE-DC65-4BAA-9560-637AB326DD12}.Debug|Any CPU.ActiveCfg = Debug|Any CPU
		{A6DE67BE-DC65-4BAA-9560-637AB326DD12}.Debug|Any CPU.Build.0 = Debug|Any CPU
		{A6DE67BE-DC65-4BAA-9560-637AB326DD12}.Release|Any CPU.ActiveCfg = Release|Any CPU
		{A6DE67BE-DC65-4BAA-9560-637AB326DD12}.Release|Any CPU.Build.0 = Release|Any CPU
	EndGlobalSection
	GlobalSection(SolutionProperties) = preSolution
		HideSolutionNode = FALSE
	EndGlobalSection
	GlobalSection(ExtensibilityGlobals) = postSolution
		SolutionGuid = {959B84DC-F824-4A85-B530-06A98C8D6585}
	EndGlobalSection
EndGlobal
