
Microsoft Visual Studio Solution File, Format Version 12.00
# Visual Studio Version 17
VisualStudioVersion = 17.7.34221.43
MinimumVisualStudioVersion = 10.0.40219.1
Project("{FAE04EC0-301F-11D3-BF4B-00C04F79EFBC}") = "1.NumbersFrom1to100", "1.NumbersFrom1to100\1.NumbersFrom1to100.csproj", "{85988847-009D-4F46-B8D0-E0B7FD6FC15C}"
EndProject
Project("{FAE04EC0-301F-11D3-BF4B-00C04F79EFBC}") = "2.NumbersN.1", "2.NumbersN.1\2.NumbersN.1.csproj", "{5D08E20D-8695-4B21-8CFE-3A7DFC7C8B14}"
EndProject
Project("{FAE04EC0-301F-11D3-BF4B-00C04F79EFBC}") = "3.Numbers1.NWithStep3", "3.Numbers1.NWithStep3\3.Numbers1.NWithStep3.csproj", "{CBFFCEBE-C47C-40F6-86A1-CBBC85790FB0}"
EndProject
Project("{FAE04EC0-301F-11D3-BF4B-00C04F79EFBC}") = "4.EvenPowersOf2", "4.EvenPowersOf2\4.EvenPowersOf2.csproj", "{8502839E-91B7-4170-A2F4-D255EB775C1D}"
EndProject
Project("{FAE04EC0-301F-11D3-BF4B-00C04F79EFBC}") = "5.CharacterSequence", "5.CharacterSequence\5.CharacterSequence.csproj", "{D15CFE08-02BE-4D2B-A37B-1A888E1C496B}"
EndProject
Project("{FAE04EC0-301F-11D3-BF4B-00C04F79EFBC}") = "6.VowelsSum", "6.VowelsSum\6.VowelsSum.csproj", "{670C7BCB-83F6-4DC2-BC7B-C033E2D57E5C}"
EndProject
Project("{FAE04EC0-301F-11D3-BF4B-00C04F79EFBC}") = "7.SumNumbers", "7.SumNumbers\7.SumNumbers.csproj", "{0037857D-BC70-461C-ABBB-F61F1131BAE0}"
EndProject
Project("{FAE04EC0-301F-11D3-BF4B-00C04F79EFBC}") = "8.NumberSequence", "8.NumberSequence\8.NumberSequence.csproj", "{7BC5DBDB-9A62-405C-904D-461E0F5EB212}"
EndProject
Project("{FAE04EC0-301F-11D3-BF4B-00C04F79EFBC}") = "9.LeftAndRightSum", "9.LeftAndRightSum\9.LeftAndRightSum.csproj", "{BBAEA8A7-B81D-44D3-9BFA-2404B5C807AE}"
EndProject
Project("{FAE04EC0-301F-11D3-BF4B-00C04F79EFBC}") = "10.OddEvenSum", "10.OddEvenSum\10.OddEvenSum.csproj", "{93336FDB-0186-45E3-8DC1-605F04D1EB93}"
EndProject
Global
	GlobalSection(SolutionConfigurationPlatforms) = preSolution
		Debug|Any CPU = Debug|Any CPU
		Release|Any CPU = Release|Any CPU
	EndGlobalSection
	GlobalSection(ProjectConfigurationPlatforms) = postSolution
		{85988847-009D-4F46-B8D0-E0B7FD6FC15C}.Debug|Any CPU.ActiveCfg = Debug|Any CPU
		{85988847-009D-4F46-B8D0-E0B7FD6FC15C}.Debug|Any CPU.Build.0 = Debug|Any CPU
		{85988847-009D-4F46-B8D0-E0B7FD6FC15C}.Release|Any CPU.ActiveCfg = Release|Any CPU
		{85988847-009D-4F46-B8D0-E0B7FD6FC15C}.Release|Any CPU.Build.0 = Release|Any CPU
		{5D08E20D-8695-4B21-8CFE-3A7DFC7C8B14}.Debug|Any CPU.ActiveCfg = Debug|Any CPU
		{5D08E20D-8695-4B21-8CFE-3A7DFC7C8B14}.Debug|Any CPU.Build.0 = Debug|Any CPU
		{5D08E20D-8695-4B21-8CFE-3A7DFC7C8B14}.Release|Any CPU.ActiveCfg = Release|Any CPU
		{5D08E20D-8695-4B21-8CFE-3A7DFC7C8B14}.Release|Any CPU.Build.0 = Release|Any CPU
		{CBFFCEBE-C47C-40F6-86A1-CBBC85790FB0}.Debug|Any CPU.ActiveCfg = Debug|Any CPU
		{CBFFCEBE-C47C-40F6-86A1-CBBC85790FB0}.Debug|Any CPU.Build.0 = Debug|Any CPU
		{CBFFCEBE-C47C-40F6-86A1-CBBC85790FB0}.Release|Any CPU.ActiveCfg = Release|Any CPU
		{CBFFCEBE-C47C-40F6-86A1-CBBC85790FB0}.Release|Any CPU.Build.0 = Release|Any CPU
		{8502839E-91B7-4170-A2F4-D255EB775C1D}.Debug|Any CPU.ActiveCfg = Debug|Any CPU
		{8502839E-91B7-4170-A2F4-D255EB775C1D}.Debug|Any CPU.Build.0 = Debug|Any CPU
		{8502839E-91B7-4170-A2F4-D255EB775C1D}.Release|Any CPU.ActiveCfg = Release|Any CPU
		{8502839E-91B7-4170-A2F4-D255EB775C1D}.Release|Any CPU.Build.0 = Release|Any CPU
		{D15CFE08-02BE-4D2B-A37B-1A888E1C496B}.Debug|Any CPU.ActiveCfg = Debug|Any CPU
		{D15CFE08-02BE-4D2B-A37B-1A888E1C496B}.Debug|Any CPU.Build.0 = Debug|Any CPU
		{D15CFE08-02BE-4D2B-A37B-1A888E1C496B}.Release|Any CPU.ActiveCfg = Release|Any CPU
		{D15CFE08-02BE-4D2B-A37B-1A888E1C496B}.Release|Any CPU.Build.0 = Release|Any CPU
		{670C7BCB-83F6-4DC2-BC7B-C033E2D57E5C}.Debug|Any CPU.ActiveCfg = Debug|Any CPU
		{670C7BCB-83F6-4DC2-BC7B-C033E2D57E5C}.Debug|Any CPU.Build.0 = Debug|Any CPU
		{670C7BCB-83F6-4DC2-BC7B-C033E2D57E5C}.Release|Any CPU.ActiveCfg = Release|Any CPU
		{670C7BCB-83F6-4DC2-BC7B-C033E2D57E5C}.Release|Any CPU.Build.0 = Release|Any CPU
		{0037857D-BC70-461C-ABBB-F61F1131BAE0}.Debug|Any CPU.ActiveCfg = Debug|Any CPU
		{0037857D-BC70-461C-ABBB-F61F1131BAE0}.Debug|Any CPU.Build.0 = Debug|Any CPU
		{0037857D-BC70-461C-ABBB-F61F1131BAE0}.Release|Any CPU.ActiveCfg = Release|Any CPU
		{0037857D-BC70-461C-ABBB-F61F1131BAE0}.Release|Any CPU.Build.0 = Release|Any CPU
		{7BC5DBDB-9A62-405C-904D-461E0F5EB212}.Debug|Any CPU.ActiveCfg = Debug|Any CPU
		{7BC5DBDB-9A62-405C-904D-461E0F5EB212}.Debug|Any CPU.Build.0 = Debug|Any CPU
		{7BC5DBDB-9A62-405C-904D-461E0F5EB212}.Release|Any CPU.ActiveCfg = Release|Any CPU
		{7BC5DBDB-9A62-405C-904D-461E0F5EB212}.Release|Any CPU.Build.0 = Release|Any CPU
		{BBAEA8A7-B81D-44D3-9BFA-2404B5C807AE}.Debug|Any CPU.ActiveCfg = Debug|Any CPU
		{BBAEA8A7-B81D-44D3-9BFA-2404B5C807AE}.Debug|Any CPU.Build.0 = Debug|Any CPU
		{BBAEA8A7-B81D-44D3-9BFA-2404B5C807AE}.Release|Any CPU.ActiveCfg = Release|Any CPU
		{BBAEA8A7-B81D-44D3-9BFA-2404B5C807AE}.Release|Any CPU.Build.0 = Release|Any CPU
		{93336FDB-0186-45E3-8DC1-605F04D1EB93}.Debug|Any CPU.ActiveCfg = Debug|Any CPU
		{93336FDB-0186-45E3-8DC1-605F04D1EB93}.Debug|Any CPU.Build.0 = Debug|Any CPU
		{93336FDB-0186-45E3-8DC1-605F04D1EB93}.Release|Any CPU.ActiveCfg = Release|Any CPU
		{93336FDB-0186-45E3-8DC1-605F04D1EB93}.Release|Any CPU.Build.0 = Release|Any CPU
	EndGlobalSection
	GlobalSection(SolutionProperties) = preSolution
		HideSolutionNode = FALSE
	EndGlobalSection
	GlobalSection(ExtensibilityGlobals) = postSolution
		SolutionGuid = {84C8C010-5EC8-407D-90AD-7EA18E3F9BFF}
	EndGlobalSection
EndGlobal
