
Microsoft Visual Studio Solution File, Format Version 12.00
# Visual Studio Version 17
VisualStudioVersion = 17.7.34221.43
MinimumVisualStudioVersion = 10.0.40219.1
Project("{FAE04EC0-301F-11D3-BF4B-00C04F79EFBC}") = "01.FirstExersice", "01.FirstExersice\01.FirstExersice.csproj", "{CCBFE56C-38D7-423F-8A79-46572B4E9BA7}"
EndProject
Project("{FAE04EC0-301F-11D3-BF4B-00C04F79EFBC}") = "02.SecondExersice", "02.SecondExersice\02.SecondExersice.csproj", "{96595642-7088-4F28-9428-A8A8B5AD9B11}"
EndProject
Project("{FAE04EC0-301F-11D3-BF4B-00C04F79EFBC}") = "03.ThirdExersice", "03.ThirdExersice\03.ThirdExersice.csproj", "{0D248393-4F33-4DF8-8016-16F63FD17347}"
EndProject
Project("{FAE04EC0-301F-11D3-BF4B-00C04F79EFBC}") = "04.ForthExersice", "04.ForthExersice\04.ForthExersice.csproj", "{A8CCF62C-C2A2-460C-8902-24124A063B8F}"
EndProject
Project("{FAE04EC0-301F-11D3-BF4B-00C04F79EFBC}") = "05.FifthExersice", "05.FifthExersice\05.FifthExersice.csproj", "{E1766EA6-82A8-4025-9236-06D76A546BC5}"
EndProject
Project("{FAE04EC0-301F-11D3-BF4B-00C04F79EFBC}") = "06.SixthExersice", "06.SixthExersice\06.SixthExersice.csproj", "{34480054-CDDA-4105-BF94-B956631FB96D}"
EndProject
Global
	GlobalSection(SolutionConfigurationPlatforms) = preSolution
		Debug|Any CPU = Debug|Any CPU
		Release|Any CPU = Release|Any CPU
	EndGlobalSection
	GlobalSection(ProjectConfigurationPlatforms) = postSolution
		{CCBFE56C-38D7-423F-8A79-46572B4E9BA7}.Debug|Any CPU.ActiveCfg = Debug|Any CPU
		{CCBFE56C-38D7-423F-8A79-46572B4E9BA7}.Debug|Any CPU.Build.0 = Debug|Any CPU
		{CCBFE56C-38D7-423F-8A79-46572B4E9BA7}.Release|Any CPU.ActiveCfg = Release|Any CPU
		{CCBFE56C-38D7-423F-8A79-46572B4E9BA7}.Release|Any CPU.Build.0 = Release|Any CPU
		{96595642-7088-4F28-9428-A8A8B5AD9B11}.Debug|Any CPU.ActiveCfg = Debug|Any CPU
		{96595642-7088-4F28-9428-A8A8B5AD9B11}.Debug|Any CPU.Build.0 = Debug|Any CPU
		{96595642-7088-4F28-9428-A8A8B5AD9B11}.Release|Any CPU.ActiveCfg = Release|Any CPU
		{96595642-7088-4F28-9428-A8A8B5AD9B11}.Release|Any CPU.Build.0 = Release|Any CPU
		{0D248393-4F33-4DF8-8016-16F63FD17347}.Debug|Any CPU.ActiveCfg = Debug|Any CPU
		{0D248393-4F33-4DF8-8016-16F63FD17347}.Debug|Any CPU.Build.0 = Debug|Any CPU
		{0D248393-4F33-4DF8-8016-16F63FD17347}.Release|Any CPU.ActiveCfg = Release|Any CPU
		{0D248393-4F33-4DF8-8016-16F63FD17347}.Release|Any CPU.Build.0 = Release|Any CPU
		{A8CCF62C-C2A2-460C-8902-24124A063B8F}.Debug|Any CPU.ActiveCfg = Debug|Any CPU
		{A8CCF62C-C2A2-460C-8902-24124A063B8F}.Debug|Any CPU.Build.0 = Debug|Any CPU
		{A8CCF62C-C2A2-460C-8902-24124A063B8F}.Release|Any CPU.ActiveCfg = Release|Any CPU
		{A8CCF62C-C2A2-460C-8902-24124A063B8F}.Release|Any CPU.Build.0 = Release|Any CPU
		{E1766EA6-82A8-4025-9236-06D76A546BC5}.Debug|Any CPU.ActiveCfg = Debug|Any CPU
		{E1766EA6-82A8-4025-9236-06D76A546BC5}.Debug|Any CPU.Build.0 = Debug|Any CPU
		{E1766EA6-82A8-4025-9236-06D76A546BC5}.Release|Any CPU.ActiveCfg = Release|Any CPU
		{E1766EA6-82A8-4025-9236-06D76A546BC5}.Release|Any CPU.Build.0 = Release|Any CPU
		{34480054-CDDA-4105-BF94-B956631FB96D}.Debug|Any CPU.ActiveCfg = Debug|Any CPU
		{34480054-CDDA-4105-BF94-B956631FB96D}.Debug|Any CPU.Build.0 = Debug|Any CPU
		{34480054-CDDA-4105-BF94-B956631FB96D}.Release|Any CPU.ActiveCfg = Release|Any CPU
		{34480054-CDDA-4105-BF94-B956631FB96D}.Release|Any CPU.Build.0 = Release|Any CPU
	EndGlobalSection
	GlobalSection(SolutionProperties) = preSolution
		HideSolutionNode = FALSE
	EndGlobalSection
	GlobalSection(ExtensibilityGlobals) = postSolution
		SolutionGuid = {0E281B5B-CB4C-48D3-AE40-53F2D9E7FA9B}
	EndGlobalSection
EndGlobal
