
Microsoft Visual Studio Solution File, Format Version 12.00
# Visual Studio Version 17
VisualStudioVersion = 17.7.34221.43
MinimumVisualStudioVersion = 10.0.40219.1
Project("{FAE04EC0-301F-11D3-BF4B-00C04F79EFBC}") = "1.NumbersEndingIn7", "1.NumbersEndingIn7\1.NumbersEndingIn7.csproj", "{43225B5D-E510-4E37-9471-D79669F37412}"
EndProject
Project("{FAE04EC0-301F-11D3-BF4B-00C04F79EFBC}") = "2.HalfSumElement", "2.HalfSumElement\2.HalfSumElement.csproj", "{BE69783F-0C37-41A8-BEDD-2B9794B53A38}"
EndProject
Project("{FAE04EC0-301F-11D3-BF4B-00C04F79EFBC}") = "3.Histogram", "3.Histogram\3.Histogram.csproj", "{D0D8E8C6-1329-4B0A-9B6E-F8AC75B2FF89}"
EndProject
Project("{FAE04EC0-301F-11D3-BF4B-00C04F79EFBC}") = "4.CleverLily", "4.CleverLily\4.CleverLily.csproj", "{8EBC2C89-E0FA-4414-AEBE-EB3D3AED00FC}"
EndProject
Project("{FAE04EC0-301F-11D3-BF4B-00C04F79EFBC}") = "5.Salary", "5.Salary\5.Salary.csproj", "{35FC4C3D-6C8B-4962-918F-955272FBB8F2}"
EndProject
Project("{FAE04EC0-301F-11D3-BF4B-00C04F79EFBC}") = "6.Oscars", "6.Oscars\6.Oscars.csproj", "{4E286560-4F2A-4BE0-9952-F95DA86C0160}"
EndProject
Project("{FAE04EC0-301F-11D3-BF4B-00C04F79EFBC}") = "7.TrekkingMania", "7.TrekkingMania\7.TrekkingMania.csproj", "{D4FEA1A5-736B-4108-81D1-AFBAAEB6A950}"
EndProject
Project("{FAE04EC0-301F-11D3-BF4B-00C04F79EFBC}") = "8.TennisRanklist", "8.TennisRanklist\8.TennisRanklist.csproj", "{31B01F5F-7AA2-4241-A30C-AFBE7A67B68F}"
EndProject
Global
	GlobalSection(SolutionConfigurationPlatforms) = preSolution
		Debug|Any CPU = Debug|Any CPU
		Release|Any CPU = Release|Any CPU
	EndGlobalSection
	GlobalSection(ProjectConfigurationPlatforms) = postSolution
		{43225B5D-E510-4E37-9471-D79669F37412}.Debug|Any CPU.ActiveCfg = Debug|Any CPU
		{43225B5D-E510-4E37-9471-D79669F37412}.Debug|Any CPU.Build.0 = Debug|Any CPU
		{43225B5D-E510-4E37-9471-D79669F37412}.Release|Any CPU.ActiveCfg = Release|Any CPU
		{43225B5D-E510-4E37-9471-D79669F37412}.Release|Any CPU.Build.0 = Release|Any CPU
		{BE69783F-0C37-41A8-BEDD-2B9794B53A38}.Debug|Any CPU.ActiveCfg = Debug|Any CPU
		{BE69783F-0C37-41A8-BEDD-2B9794B53A38}.Debug|Any CPU.Build.0 = Debug|Any CPU
		{BE69783F-0C37-41A8-BEDD-2B9794B53A38}.Release|Any CPU.ActiveCfg = Release|Any CPU
		{BE69783F-0C37-41A8-BEDD-2B9794B53A38}.Release|Any CPU.Build.0 = Release|Any CPU
		{D0D8E8C6-1329-4B0A-9B6E-F8AC75B2FF89}.Debug|Any CPU.ActiveCfg = Debug|Any CPU
		{D0D8E8C6-1329-4B0A-9B6E-F8AC75B2FF89}.Debug|Any CPU.Build.0 = Debug|Any CPU
		{D0D8E8C6-1329-4B0A-9B6E-F8AC75B2FF89}.Release|Any CPU.ActiveCfg = Release|Any CPU
		{D0D8E8C6-1329-4B0A-9B6E-F8AC75B2FF89}.Release|Any CPU.Build.0 = Release|Any CPU
		{8EBC2C89-E0FA-4414-AEBE-EB3D3AED00FC}.Debug|Any CPU.ActiveCfg = Debug|Any CPU
		{8EBC2C89-E0FA-4414-AEBE-EB3D3AED00FC}.Debug|Any CPU.Build.0 = Debug|Any CPU
		{8EBC2C89-E0FA-4414-AEBE-EB3D3AED00FC}.Release|Any CPU.ActiveCfg = Release|Any CPU
		{8EBC2C89-E0FA-4414-AEBE-EB3D3AED00FC}.Release|Any CPU.Build.0 = Release|Any CPU
		{35FC4C3D-6C8B-4962-918F-955272FBB8F2}.Debug|Any CPU.ActiveCfg = Debug|Any CPU
		{35FC4C3D-6C8B-4962-918F-955272FBB8F2}.Debug|Any CPU.Build.0 = Debug|Any CPU
		{35FC4C3D-6C8B-4962-918F-955272FBB8F2}.Release|Any CPU.ActiveCfg = Release|Any CPU
		{35FC4C3D-6C8B-4962-918F-955272FBB8F2}.Release|Any CPU.Build.0 = Release|Any CPU
		{4E286560-4F2A-4BE0-9952-F95DA86C0160}.Debug|Any CPU.ActiveCfg = Debug|Any CPU
		{4E286560-4F2A-4BE0-9952-F95DA86C0160}.Debug|Any CPU.Build.0 = Debug|Any CPU
		{4E286560-4F2A-4BE0-9952-F95DA86C0160}.Release|Any CPU.ActiveCfg = Release|Any CPU
		{4E286560-4F2A-4BE0-9952-F95DA86C0160}.Release|Any CPU.Build.0 = Release|Any CPU
		{D4FEA1A5-736B-4108-81D1-AFBAAEB6A950}.Debug|Any CPU.ActiveCfg = Debug|Any CPU
		{D4FEA1A5-736B-4108-81D1-AFBAAEB6A950}.Debug|Any CPU.Build.0 = Debug|Any CPU
		{D4FEA1A5-736B-4108-81D1-AFBAAEB6A950}.Release|Any CPU.ActiveCfg = Release|Any CPU
		{D4FEA1A5-736B-4108-81D1-AFBAAEB6A950}.Release|Any CPU.Build.0 = Release|Any CPU
		{31B01F5F-7AA2-4241-A30C-AFBE7A67B68F}.Debug|Any CPU.ActiveCfg = Debug|Any CPU
		{31B01F5F-7AA2-4241-A30C-AFBE7A67B68F}.Debug|Any CPU.Build.0 = Debug|Any CPU
		{31B01F5F-7AA2-4241-A30C-AFBE7A67B68F}.Release|Any CPU.ActiveCfg = Release|Any CPU
		{31B01F5F-7AA2-4241-A30C-AFBE7A67B68F}.Release|Any CPU.Build.0 = Release|Any CPU
	EndGlobalSection
	GlobalSection(SolutionProperties) = preSolution
		HideSolutionNode = FALSE
	EndGlobalSection
	GlobalSection(ExtensibilityGlobals) = postSolution
		SolutionGuid = {34B336D8-C88B-458A-BA13-812161B27D9D}
	EndGlobalSection
EndGlobal
