
Microsoft Visual Studio Solution File, Format Version 12.00
# Visual Studio Version 17
VisualStudioVersion = 17.9.34616.47
MinimumVisualStudioVersion = 10.0.40219.1
Project("{9A19103F-16F7-4668-BE54-9A1E7A4F7556}") = "Arrays", "Arrays\Arrays.csproj", "{8877D376-6C7D-44A5-B9D4-F5D789393C74}"
EndProject
Project("{9A19103F-16F7-4668-BE54-9A1E7A4F7556}") = "ArraysNumbers", "ArraysNumbers\ArraysNumbers.csproj", "{42F9C222-1375-45B7-8832-5BC53A92FECC}"
EndProject
Project("{FAE04EC0-301F-11D3-BF4B-00C04F79EFBC}") = "02.Array", "02.Array\02.Array.csproj", "{1B3AD941-BF25-4A92-9CE3-F242F09FBC8E}"
EndProject
Project("{FAE04EC0-301F-11D3-BF4B-00C04F79EFBC}") = "03.Arrays", "03.Arrays\03.Arrays.csproj", "{B7E48801-B71E-4387-8463-FB0F4812B51C}"
EndProject
Project("{FAE04EC0-301F-11D3-BF4B-00C04F79EFBC}") = "ArrayTxt", "ArrayTxt\ArrayTxt.csproj", "{9706A5C0-64D6-41E8-A92A-69D5BE6E0E0F}"
EndProject
Global
	GlobalSection(SolutionConfigurationPlatforms) = preSolution
		Debug|Any CPU = Debug|Any CPU
		Release|Any CPU = Release|Any CPU
	EndGlobalSection
	GlobalSection(ProjectConfigurationPlatforms) = postSolution
		{8877D376-6C7D-44A5-B9D4-F5D789393C74}.Debug|Any CPU.ActiveCfg = Debug|Any CPU
		{8877D376-6C7D-44A5-B9D4-F5D789393C74}.Debug|Any CPU.Build.0 = Debug|Any CPU
		{8877D376-6C7D-44A5-B9D4-F5D789393C74}.Release|Any CPU.ActiveCfg = Release|Any CPU
		{8877D376-6C7D-44A5-B9D4-F5D789393C74}.Release|Any CPU.Build.0 = Release|Any CPU
		{42F9C222-1375-45B7-8832-5BC53A92FECC}.Debug|Any CPU.ActiveCfg = Debug|Any CPU
		{42F9C222-1375-45B7-8832-5BC53A92FECC}.Debug|Any CPU.Build.0 = Debug|Any CPU
		{42F9C222-1375-45B7-8832-5BC53A92FECC}.Release|Any CPU.ActiveCfg = Release|Any CPU
		{42F9C222-1375-45B7-8832-5BC53A92FECC}.Release|Any CPU.Build.0 = Release|Any CPU
		{1B3AD941-BF25-4A92-9CE3-F242F09FBC8E}.Debug|Any CPU.ActiveCfg = Debug|Any CPU
		{1B3AD941-BF25-4A92-9CE3-F242F09FBC8E}.Debug|Any CPU.Build.0 = Debug|Any CPU
		{1B3AD941-BF25-4A92-9CE3-F242F09FBC8E}.Release|Any CPU.ActiveCfg = Release|Any CPU
		{1B3AD941-BF25-4A92-9CE3-F242F09FBC8E}.Release|Any CPU.Build.0 = Release|Any CPU
		{B7E48801-B71E-4387-8463-FB0F4812B51C}.Debug|Any CPU.ActiveCfg = Debug|Any CPU
		{B7E48801-B71E-4387-8463-FB0F4812B51C}.Debug|Any CPU.Build.0 = Debug|Any CPU
		{B7E48801-B71E-4387-8463-FB0F4812B51C}.Release|Any CPU.ActiveCfg = Release|Any CPU
		{B7E48801-B71E-4387-8463-FB0F4812B51C}.Release|Any CPU.Build.0 = Release|Any CPU
		{9706A5C0-64D6-41E8-A92A-69D5BE6E0E0F}.Debug|Any CPU.ActiveCfg = Debug|Any CPU
		{9706A5C0-64D6-41E8-A92A-69D5BE6E0E0F}.Debug|Any CPU.Build.0 = Debug|Any CPU
		{9706A5C0-64D6-41E8-A92A-69D5BE6E0E0F}.Release|Any CPU.ActiveCfg = Release|Any CPU
		{9706A5C0-64D6-41E8-A92A-69D5BE6E0E0F}.Release|Any CPU.Build.0 = Release|Any CPU
	EndGlobalSection
	GlobalSection(SolutionProperties) = preSolution
		HideSolutionNode = FALSE
	EndGlobalSection
	GlobalSection(ExtensibilityGlobals) = postSolution
		SolutionGuid = {D42DEB4F-71B9-443F-9455-755BFFDD415F}
	EndGlobalSection
EndGlobal
