
Microsoft Visual Studio Solution File, Format Version 12.00
# Visual Studio Version 17
VisualStudioVersion = 17.7.34031.279
MinimumVisualStudioVersion = 10.0.40219.1
Project("{FAE04EC0-301F-11D3-BF4B-00C04F79EFBC}") = "Homework2", "Homework2\Homework2.csproj", "{DC9484C2-1DC5-40A8-8978-980FAEDCBFA8}"
EndProject
Global
	GlobalSection(SolutionConfigurationPlatforms) = preSolution
		Debug|Any CPU = Debug|Any CPU
		Release|Any CPU = Release|Any CPU
	EndGlobalSection
	GlobalSection(ProjectConfigurationPlatforms) = postSolution
		{DC9484C2-1DC5-40A8-8978-980FAEDCBFA8}.Debug|Any CPU.ActiveCfg = Debug|Any CPU
		{DC9484C2-1DC5-40A8-8978-980FAEDCBFA8}.Debug|Any CPU.Build.0 = Debug|Any CPU
		{DC9484C2-1DC5-40A8-8978-980FAEDCBFA8}.Release|Any CPU.ActiveCfg = Release|Any CPU
		{DC9484C2-1DC5-40A8-8978-980FAEDCBFA8}.Release|Any CPU.Build.0 = Release|Any CPU
	EndGlobalSection
	GlobalSection(SolutionProperties) = preSolution
		HideSolutionNode = FALSE
	EndGlobalSection
	GlobalSection(ExtensibilityGlobals) = postSolution
		SolutionGuid = {22A454C5-3FCD-4489-AF06-AFDCFB4F6951}
	EndGlobalSection
EndGlobal
