
Microsoft Visual Studio Solution File, Format Version 12.00
# Visual Studio Version 17
VisualStudioVersion = 17.7.34221.43
MinimumVisualStudioVersion = 10.0.40219.1
Project("{FAE04EC0-301F-11D3-BF4B-00C04F79EFBC}") = "01.FiveSpecialLetters", "01.FiveSpecialLetters\01.FiveSpecialLetters.csproj", "{A79E92E9-32C1-49F3-8F09-B4395658B2CC}"
EndProject
Global
	GlobalSection(SolutionConfigurationPlatforms) = preSolution
		Debug|Any CPU = Debug|Any CPU
		Release|Any CPU = Release|Any CPU
	EndGlobalSection
	GlobalSection(ProjectConfigurationPlatforms) = postSolution
		{A79E92E9-32C1-49F3-8F09-B4395658B2CC}.Debug|Any CPU.ActiveCfg = Debug|Any CPU
		{A79E92E9-32C1-49F3-8F09-B4395658B2CC}.Debug|Any CPU.Build.0 = Debug|Any CPU
		{A79E92E9-32C1-49F3-8F09-B4395658B2CC}.Release|Any CPU.ActiveCfg = Release|Any CPU
		{A79E92E9-32C1-49F3-8F09-B4395658B2CC}.Release|Any CPU.Build.0 = Release|Any CPU
	EndGlobalSection
	GlobalSection(SolutionProperties) = preSolution
		HideSolutionNode = FALSE
	EndGlobalSection
	GlobalSection(ExtensibilityGlobals) = postSolution
		SolutionGuid = {888DC175-F36E-4B84-B8E6-28D3E99136CC}
	EndGlobalSection
EndGlobal
