
Microsoft Visual Studio Solution File, Format Version 12.00
# Visual Studio Version 17
VisualStudioVersion = 17.9.34622.214
MinimumVisualStudioVersion = 10.0.40219.1
Project("{FAE04EC0-301F-11D3-BF4B-00C04F79EFBC}") = "Birthday", "Birthday\Birthday.csproj", "{4F914CDB-2826-48C5-9368-BADEAA111BE1}"
EndProject
Global
	GlobalSection(SolutionConfigurationPlatforms) = preSolution
		Debug|Any CPU = Debug|Any CPU
		Release|Any CPU = Release|Any CPU
	EndGlobalSection
	GlobalSection(ProjectConfigurationPlatforms) = postSolution
		{4F914CDB-2826-48C5-9368-BADEAA111BE1}.Debug|Any CPU.ActiveCfg = Debug|Any CPU
		{4F914CDB-2826-48C5-9368-BADEAA111BE1}.Debug|Any CPU.Build.0 = Debug|Any CPU
		{4F914CDB-2826-48C5-9368-BADEAA111BE1}.Release|Any CPU.ActiveCfg = Release|Any CPU
		{4F914CDB-2826-48C5-9368-BADEAA111BE1}.Release|Any CPU.Build.0 = Release|Any CPU
	EndGlobalSection
	GlobalSection(SolutionProperties) = preSolution
		HideSolutionNode = FALSE
	EndGlobalSection
	GlobalSection(ExtensibilityGlobals) = postSolution
		SolutionGuid = {1A3800C8-5FB1-4A5A-B60F-C5681DBC951F}
	EndGlobalSection
EndGlobal
