
Microsoft Visual Studio Solution File, Format Version 12.00
# Visual Studio Version 17
VisualStudioVersion = 17.9.34622.214
MinimumVisualStudioVersion = 10.0.40219.1
Project("{FAE04EC0-301F-11D3-BF4B-00C04F79EFBC}") = "Ex. 1", "Ex. 1\Ex. 1.csproj", "{96AAFDB9-8561-40EC-902D-CD408EB77897}"
EndProject
Project("{FAE04EC0-301F-11D3-BF4B-00C04F79EFBC}") = "Ex.2", "Ex.2\Ex.2.csproj", "{BA6BE61A-C13A-43A2-BBB6-D89E6956C4AF}"
EndProject
Project("{FAE04EC0-301F-11D3-BF4B-00C04F79EFBC}") = "Ex.3", "Ex.3\Ex.3.csproj", "{B427E4D2-32DA-47D0-97CA-42A5B2F10136}"
EndProject
Project("{FAE04EC0-301F-11D3-BF4B-00C04F79EFBC}") = "Ex.4", "Ex.4\Ex.4.csproj", "{D7DD6558-C766-4267-BAED-20DE4FCDE6C2}"
EndProject
Project("{FAE04EC0-301F-11D3-BF4B-00C04F79EFBC}") = "Ex.5", "Ex.5\Ex.5.csproj", "{44040210-5114-455F-9EF2-2F1800F7093B}"
EndProject
Global
	GlobalSection(SolutionConfigurationPlatforms) = preSolution
		Debug|Any CPU = Debug|Any CPU
		Release|Any CPU = Release|Any CPU
	EndGlobalSection
	GlobalSection(ProjectConfigurationPlatforms) = postSolution
		{96AAFDB9-8561-40EC-902D-CD408EB77897}.Debug|Any CPU.ActiveCfg = Debug|Any CPU
		{96AAFDB9-8561-40EC-902D-CD408EB77897}.Debug|Any CPU.Build.0 = Debug|Any CPU
		{96AAFDB9-8561-40EC-902D-CD408EB77897}.Release|Any CPU.ActiveCfg = Release|Any CPU
		{96AAFDB9-8561-40EC-902D-CD408EB77897}.Release|Any CPU.Build.0 = Release|Any CPU
		{BA6BE61A-C13A-43A2-BBB6-D89E6956C4AF}.Debug|Any CPU.ActiveCfg = Debug|Any CPU
		{BA6BE61A-C13A-43A2-BBB6-D89E6956C4AF}.Debug|Any CPU.Build.0 = Debug|Any CPU
		{BA6BE61A-C13A-43A2-BBB6-D89E6956C4AF}.Release|Any CPU.ActiveCfg = Release|Any CPU
		{BA6BE61A-C13A-43A2-BBB6-D89E6956C4AF}.Release|Any CPU.Build.0 = Release|Any CPU
		{B427E4D2-32DA-47D0-97CA-42A5B2F10136}.Debug|Any CPU.ActiveCfg = Debug|Any CPU
		{B427E4D2-32DA-47D0-97CA-42A5B2F10136}.Debug|Any CPU.Build.0 = Debug|Any CPU
		{B427E4D2-32DA-47D0-97CA-42A5B2F10136}.Release|Any CPU.ActiveCfg = Release|Any CPU
		{B427E4D2-32DA-47D0-97CA-42A5B2F10136}.Release|Any CPU.Build.0 = Release|Any CPU
		{D7DD6558-C766-4267-BAED-20DE4FCDE6C2}.Debug|Any CPU.ActiveCfg = Debug|Any CPU
		{D7DD6558-C766-4267-BAED-20DE4FCDE6C2}.Debug|Any CPU.Build.0 = Debug|Any CPU
		{D7DD6558-C766-4267-BAED-20DE4FCDE6C2}.Release|Any CPU.ActiveCfg = Release|Any CPU
		{D7DD6558-C766-4267-BAED-20DE4FCDE6C2}.Release|Any CPU.Build.0 = Release|Any CPU
		{44040210-5114-455F-9EF2-2F1800F7093B}.Debug|Any CPU.ActiveCfg = Debug|Any CPU
		{44040210-5114-455F-9EF2-2F1800F7093B}.Debug|Any CPU.Build.0 = Debug|Any CPU
		{44040210-5114-455F-9EF2-2F1800F7093B}.Release|Any CPU.ActiveCfg = Release|Any CPU
		{44040210-5114-455F-9EF2-2F1800F7093B}.Release|Any CPU.Build.0 = Release|Any CPU
	EndGlobalSection
	GlobalSection(SolutionProperties) = preSolution
		HideSolutionNode = FALSE
	EndGlobalSection
	GlobalSection(ExtensibilityGlobals) = postSolution
		SolutionGuid = {8D76C3AC-D4BD-4999-89C1-9561F87C6B45}
	EndGlobalSection
EndGlobal
