
Microsoft Visual Studio Solution File, Format Version 12.00
# Visual Studio Version 17
VisualStudioVersion = 17.9.34622.214
MinimumVisualStudioVersion = 10.0.40219.1
Project("{FAE04EC0-301F-11D3-BF4B-00C04F79EFBC}") = "01.Person", "01.Person\01.Person.csproj", "{4094A1A5-C14A-4083-9C4E-54450288A5BD}"
EndProject
Project("{FAE04EC0-301F-11D3-BF4B-00C04F79EFBC}") = "02.Movies", "02.Movies\02.Movies.csproj", "{5C90D93F-96F3-403D-98BC-27D2FED89FFB}"
EndProject
Project("{FAE04EC0-301F-11D3-BF4B-00C04F79EFBC}") = "03.Inventar", "03.Inventar\03.Inventar.csproj", "{7EBACDE9-DA36-438E-ABB2-6AB86AB6A849}"
EndProject
Global
	GlobalSection(SolutionConfigurationPlatforms) = preSolution
		Debug|Any CPU = Debug|Any CPU
		Release|Any CPU = Release|Any CPU
	EndGlobalSection
	GlobalSection(ProjectConfigurationPlatforms) = postSolution
		{4094A1A5-C14A-4083-9C4E-54450288A5BD}.Debug|Any CPU.ActiveCfg = Debug|Any CPU
		{4094A1A5-C14A-4083-9C4E-54450288A5BD}.Debug|Any CPU.Build.0 = Debug|Any CPU
		{4094A1A5-C14A-4083-9C4E-54450288A5BD}.Release|Any CPU.ActiveCfg = Release|Any CPU
		{4094A1A5-C14A-4083-9C4E-54450288A5BD}.Release|Any CPU.Build.0 = Release|Any CPU
		{5C90D93F-96F3-403D-98BC-27D2FED89FFB}.Debug|Any CPU.ActiveCfg = Debug|Any CPU
		{5C90D93F-96F3-403D-98BC-27D2FED89FFB}.Debug|Any CPU.Build.0 = Debug|Any CPU
		{5C90D93F-96F3-403D-98BC-27D2FED89FFB}.Release|Any CPU.ActiveCfg = Release|Any CPU
		{5C90D93F-96F3-403D-98BC-27D2FED89FFB}.Release|Any CPU.Build.0 = Release|Any CPU
		{7EBACDE9-DA36-438E-ABB2-6AB86AB6A849}.Debug|Any CPU.ActiveCfg = Debug|Any CPU
		{7EBACDE9-DA36-438E-ABB2-6AB86AB6A849}.Debug|Any CPU.Build.0 = Debug|Any CPU
		{7EBACDE9-DA36-438E-ABB2-6AB86AB6A849}.Release|Any CPU.ActiveCfg = Release|Any CPU
		{7EBACDE9-DA36-438E-ABB2-6AB86AB6A849}.Release|Any CPU.Build.0 = Release|Any CPU
	EndGlobalSection
	GlobalSection(SolutionProperties) = preSolution
		HideSolutionNode = FALSE
	EndGlobalSection
	GlobalSection(ExtensibilityGlobals) = postSolution
		SolutionGuid = {CB0EEE16-21C8-416D-9676-4BA363DA4CA8}
	EndGlobalSection
EndGlobal
