
Microsoft Visual Studio Solution File, Format Version 12.00
# Visual Studio Version 17
VisualStudioVersion = 17.8.34511.84
MinimumVisualStudioVersion = 10.0.40219.1
Project("{FAE04EC0-301F-11D3-BF4B-00C04F79EFBC}") = "22.03.24", "22.03.24\22.03.24.csproj", "{9C2F1826-332E-47C7-83B3-CA0BB84BFD77}"
EndProject
Project("{FAE04EC0-301F-11D3-BF4B-00C04F79EFBC}") = "22.03.241", "22.03.241\22.03.241.csproj", "{3761E521-91EF-4E97-83BC-93D065802565}"
EndProject
Global
	GlobalSection(SolutionConfigurationPlatforms) = preSolution
		Debug|Any CPU = Debug|Any CPU
		Release|Any CPU = Release|Any CPU
	EndGlobalSection
	GlobalSection(ProjectConfigurationPlatforms) = postSolution
		{9C2F1826-332E-47C7-83B3-CA0BB84BFD77}.Debug|Any CPU.ActiveCfg = Debug|Any CPU
		{9C2F1826-332E-47C7-83B3-CA0BB84BFD77}.Debug|Any CPU.Build.0 = Debug|Any CPU
		{9C2F1826-332E-47C7-83B3-CA0BB84BFD77}.Release|Any CPU.ActiveCfg = Release|Any CPU
		{9C2F1826-332E-47C7-83B3-CA0BB84BFD77}.Release|Any CPU.Build.0 = Release|Any CPU
		{3761E521-91EF-4E97-83BC-93D065802565}.Debug|Any CPU.ActiveCfg = Debug|Any CPU
		{3761E521-91EF-4E97-83BC-93D065802565}.Debug|Any CPU.Build.0 = Debug|Any CPU
		{3761E521-91EF-4E97-83BC-93D065802565}.Release|Any CPU.ActiveCfg = Release|Any CPU
		{3761E521-91EF-4E97-83BC-93D065802565}.Release|Any CPU.Build.0 = Release|Any CPU
	EndGlobalSection
	GlobalSection(SolutionProperties) = preSolution
		HideSolutionNode = FALSE
	EndGlobalSection
	GlobalSection(ExtensibilityGlobals) = postSolution
		SolutionGuid = {9AD71F2C-9137-4D0B-9791-499B18D53C86}
	EndGlobalSection
EndGlobal
