
Microsoft Visual Studio Solution File, Format Version 12.00
# Visual Studio Version 17
VisualStudioVersion = 17.12.35527.113 d17.12
MinimumVisualStudioVersion = 10.0.40219.1
Project("{FAE04EC0-301F-11D3-BF4B-00C04F79EFBC}") = "LogicGame", "LogicGame\LogicGame.csproj", "{606FC9FE-8A57-4FCC-8A1D-DF239440B93A}"
EndProject
Global
	GlobalSection(SolutionConfigurationPlatforms) = preSolution
		Debug|Any CPU = Debug|Any CPU
		Release|Any CPU = Release|Any CPU
	EndGlobalSection
	GlobalSection(ProjectConfigurationPlatforms) = postSolution
		{606FC9FE-8A57-4FCC-8A1D-DF239440B93A}.Debug|Any CPU.ActiveCfg = Debug|Any CPU
		{606FC9FE-8A57-4FCC-8A1D-DF239440B93A}.Debug|Any CPU.Build.0 = Debug|Any CPU
		{606FC9FE-8A57-4FCC-8A1D-DF239440B93A}.Release|Any CPU.ActiveCfg = Release|Any CPU
		{606FC9FE-8A57-4FCC-8A1D-DF239440B93A}.Release|Any CPU.Build.0 = Release|Any CPU
	EndGlobalSection
	GlobalSection(SolutionProperties) = preSolution
		HideSolutionNode = FALSE
	EndGlobalSection
EndGlobal
