
Microsoft Visual Studio Solution File, Format Version 12.00
# Visual Studio Version 17
VisualStudioVersion = 17.9.34622.214
MinimumVisualStudioVersion = 10.0.40219.1
Project("{FAE04EC0-301F-11D3-BF4B-00C04F79EFBC}") = "BirthdayCode", "BirthdayCode\BirthdayCode.csproj", "{F940D7F9-F2DC-454B-820B-54E354FC7657}"
EndProject
Project("{FAE04EC0-301F-11D3-BF4B-00C04F79EFBC}") = "BirthdayCodeTest", "BirthdayCodeTest\BirthdayCodeTest.csproj", "{C39DE1A4-E6FB-457E-A026-464061A259D2}"
EndProject
Global
	GlobalSection(SolutionConfigurationPlatforms) = preSolution
		Debug|Any CPU = Debug|Any CPU
		Release|Any CPU = Release|Any CPU
	EndGlobalSection
	GlobalSection(ProjectConfigurationPlatforms) = postSolution
		{F940D7F9-F2DC-454B-820B-54E354FC7657}.Debug|Any CPU.ActiveCfg = Debug|Any CPU
		{F940D7F9-F2DC-454B-820B-54E354FC7657}.Debug|Any CPU.Build.0 = Debug|Any CPU
		{F940D7F9-F2DC-454B-820B-54E354FC7657}.Release|Any CPU.ActiveCfg = Release|Any CPU
		{F940D7F9-F2DC-454B-820B-54E354FC7657}.Release|Any CPU.Build.0 = Release|Any CPU
		{C39DE1A4-E6FB-457E-A026-464061A259D2}.Debug|Any CPU.ActiveCfg = Debug|Any CPU
		{C39DE1A4-E6FB-457E-A026-464061A259D2}.Debug|Any CPU.Build.0 = Debug|Any CPU
		{C39DE1A4-E6FB-457E-A026-464061A259D2}.Release|Any CPU.ActiveCfg = Release|Any CPU
		{C39DE1A4-E6FB-457E-A026-464061A259D2}.Release|Any CPU.Build.0 = Release|Any CPU
	EndGlobalSection
	GlobalSection(SolutionProperties) = preSolution
		HideSolutionNode = FALSE
	EndGlobalSection
	GlobalSection(ExtensibilityGlobals) = postSolution
		SolutionGuid = {B25852BD-46F6-4872-86B3-308D11DA690A}
	EndGlobalSection
EndGlobal
