
Microsoft Visual Studio Solution File, Format Version 12.00
# Visual Studio Version 17
VisualStudioVersion = 17.9.34622.214
MinimumVisualStudioVersion = 10.0.40219.1
Project("{FAE04EC0-301F-11D3-BF4B-00C04F79EFBC}") = "Exercise 1", "Array.15.03\Exercise 1.csproj", "{52C47F50-9875-4197-BDCF-A87BF538C557}"
EndProject
Project("{FAE04EC0-301F-11D3-BF4B-00C04F79EFBC}") = "2.Exercise", "2.Exercise\2.Exercise.csproj", "{D7507502-23B9-49A0-B3E5-571A5BECEE4D}"
EndProject
Global
	GlobalSection(SolutionConfigurationPlatforms) = preSolution
		Debug|Any CPU = Debug|Any CPU
		Release|Any CPU = Release|Any CPU
	EndGlobalSection
	GlobalSection(ProjectConfigurationPlatforms) = postSolution
		{52C47F50-9875-4197-BDCF-A87BF538C557}.Debug|Any CPU.ActiveCfg = Debug|Any CPU
		{52C47F50-9875-4197-BDCF-A87BF538C557}.Debug|Any CPU.Build.0 = Debug|Any CPU
		{52C47F50-9875-4197-BDCF-A87BF538C557}.Release|Any CPU.ActiveCfg = Release|Any CPU
		{52C47F50-9875-4197-BDCF-A87BF538C557}.Release|Any CPU.Build.0 = Release|Any CPU
		{D7507502-23B9-49A0-B3E5-571A5BECEE4D}.Debug|Any CPU.ActiveCfg = Debug|Any CPU
		{D7507502-23B9-49A0-B3E5-571A5BECEE4D}.Debug|Any CPU.Build.0 = Debug|Any CPU
		{D7507502-23B9-49A0-B3E5-571A5BECEE4D}.Release|Any CPU.ActiveCfg = Release|Any CPU
		{D7507502-23B9-49A0-B3E5-571A5BECEE4D}.Release|Any CPU.Build.0 = Release|Any CPU
	EndGlobalSection
	GlobalSection(SolutionProperties) = preSolution
		HideSolutionNode = FALSE
	EndGlobalSection
	GlobalSection(ExtensibilityGlobals) = postSolution
		SolutionGuid = {3D8F5BF0-03A6-4CEC-A996-DBF93DE3A33F}
	EndGlobalSection
EndGlobal
