
Microsoft Visual Studio Solution File, Format Version 12.00
# Visual Studio Version 17
VisualStudioVersion = 17.8.34525.116
MinimumVisualStudioVersion = 10.0.40219.1
Project("{9A19103F-16F7-4668-BE54-9A1E7A4F7556}") = "ex1", "ex1\ex1.csproj", "{759DB41F-F048-4BDE-9F73-EA3DC98D6DC1}"
EndProject
Project("{FAE04EC0-301F-11D3-BF4B-00C04F79EFBC}") = "ex2", "ex2\ex2.csproj", "{29F708C0-F3F4-43DB-94A4-93F843DEF8F8}"
EndProject
Global
	GlobalSection(SolutionConfigurationPlatforms) = preSolution
		Debug|Any CPU = Debug|Any CPU
		Release|Any CPU = Release|Any CPU
	EndGlobalSection
	GlobalSection(ProjectConfigurationPlatforms) = postSolution
		{759DB41F-F048-4BDE-9F73-EA3DC98D6DC1}.Debug|Any CPU.ActiveCfg = Debug|Any CPU
		{759DB41F-F048-4BDE-9F73-EA3DC98D6DC1}.Debug|Any CPU.Build.0 = Debug|Any CPU
		{759DB41F-F048-4BDE-9F73-EA3DC98D6DC1}.Release|Any CPU.ActiveCfg = Release|Any CPU
		{759DB41F-F048-4BDE-9F73-EA3DC98D6DC1}.Release|Any CPU.Build.0 = Release|Any CPU
		{29F708C0-F3F4-43DB-94A4-93F843DEF8F8}.Debug|Any CPU.ActiveCfg = Debug|Any CPU
		{29F708C0-F3F4-43DB-94A4-93F843DEF8F8}.Debug|Any CPU.Build.0 = Debug|Any CPU
		{29F708C0-F3F4-43DB-94A4-93F843DEF8F8}.Release|Any CPU.ActiveCfg = Release|Any CPU
		{29F708C0-F3F4-43DB-94A4-93F843DEF8F8}.Release|Any CPU.Build.0 = Release|Any CPU
	EndGlobalSection
	GlobalSection(SolutionProperties) = preSolution
		HideSolutionNode = FALSE
	EndGlobalSection
	GlobalSection(ExtensibilityGlobals) = postSolution
		SolutionGuid = {66A49F9C-E0A6-4AB8-BF30-F7FE1506DE09}
	EndGlobalSection
EndGlobal
