
Microsoft Visual Studio Solution File, Format Version 12.00
# Visual Studio Version 17
VisualStudioVersion = 17.7.34221.43
MinimumVisualStudioVersion = 10.0.40219.1
Project("{FAE04EC0-301F-11D3-BF4B-00C04F79EFBC}") = "01. Excellent Result", "01. Excellent Result\01. Excellent Result.csproj", "{A6634739-FE75-4494-8816-743B61B7E619}"
EndProject
Project("{FAE04EC0-301F-11D3-BF4B-00C04F79EFBC}") = "02. Greater Number", "02. Greater Number\02. Greater Number.csproj", "{DC0F839D-69FE-4F6A-8B34-5C8133B1AF97}"
EndProject
Project("{FAE04EC0-301F-11D3-BF4B-00C04F79EFBC}") = "03. Even or Odd", "03. Even or Odd\03. Even or Odd.csproj", "{1F8E102C-F326-4179-8EBE-D20ABAF1DB99}"
EndProject
Project("{FAE04EC0-301F-11D3-BF4B-00C04F79EFBC}") = "07. Area of Figures", "04. Password Guess\07. Area of Figures.csproj", "{0B8A02B1-413F-4FA9-B005-C6887F53573D}"
EndProject
Project("{FAE04EC0-301F-11D3-BF4B-00C04F79EFBC}") = "4. Password Guess", "4. Password Guess\4. Password Guess.csproj", "{F90BE4F3-E8C0-4D5D-A281-47439DB8C263}"
EndProject
Project("{FAE04EC0-301F-11D3-BF4B-00C04F79EFBC}") = "05. Number 100-200", "05. Number 100-200\05. Number 100-200.csproj", "{D4B713BE-D7A6-48F7-9D2D-791F826E2B00}"
EndProject
Project("{FAE04EC0-301F-11D3-BF4B-00C04F79EFBC}") = "06. Speed Info", "06. Speed Info\06. Speed Info.csproj", "{6E6AE564-B862-45D3-ACB3-4AD805CBA151}"
EndProject
Global
	GlobalSection(SolutionConfigurationPlatforms) = preSolution
		Debug|Any CPU = Debug|Any CPU
		Release|Any CPU = Release|Any CPU
	EndGlobalSection
	GlobalSection(ProjectConfigurationPlatforms) = postSolution
		{A6634739-FE75-4494-8816-743B61B7E619}.Debug|Any CPU.ActiveCfg = Debug|Any CPU
		{A6634739-FE75-4494-8816-743B61B7E619}.Debug|Any CPU.Build.0 = Debug|Any CPU
		{A6634739-FE75-4494-8816-743B61B7E619}.Release|Any CPU.ActiveCfg = Release|Any CPU
		{A6634739-FE75-4494-8816-743B61B7E619}.Release|Any CPU.Build.0 = Release|Any CPU
		{DC0F839D-69FE-4F6A-8B34-5C8133B1AF97}.Debug|Any CPU.ActiveCfg = Debug|Any CPU
		{DC0F839D-69FE-4F6A-8B34-5C8133B1AF97}.Debug|Any CPU.Build.0 = Debug|Any CPU
		{DC0F839D-69FE-4F6A-8B34-5C8133B1AF97}.Release|Any CPU.ActiveCfg = Release|Any CPU
		{DC0F839D-69FE-4F6A-8B34-5C8133B1AF97}.Release|Any CPU.Build.0 = Release|Any CPU
		{1F8E102C-F326-4179-8EBE-D20ABAF1DB99}.Debug|Any CPU.ActiveCfg = Debug|Any CPU
		{1F8E102C-F326-4179-8EBE-D20ABAF1DB99}.Debug|Any CPU.Build.0 = Debug|Any CPU
		{1F8E102C-F326-4179-8EBE-D20ABAF1DB99}.Release|Any CPU.ActiveCfg = Release|Any CPU
		{1F8E102C-F326-4179-8EBE-D20ABAF1DB99}.Release|Any CPU.Build.0 = Release|Any CPU
		{0B8A02B1-413F-4FA9-B005-C6887F53573D}.Debug|Any CPU.ActiveCfg = Debug|Any CPU
		{0B8A02B1-413F-4FA9-B005-C6887F53573D}.Debug|Any CPU.Build.0 = Debug|Any CPU
		{0B8A02B1-413F-4FA9-B005-C6887F53573D}.Release|Any CPU.ActiveCfg = Release|Any CPU
		{0B8A02B1-413F-4FA9-B005-C6887F53573D}.Release|Any CPU.Build.0 = Release|Any CPU
		{F90BE4F3-E8C0-4D5D-A281-47439DB8C263}.Debug|Any CPU.ActiveCfg = Debug|Any CPU
		{F90BE4F3-E8C0-4D5D-A281-47439DB8C263}.Debug|Any CPU.Build.0 = Debug|Any CPU
		{F90BE4F3-E8C0-4D5D-A281-47439DB8C263}.Release|Any CPU.ActiveCfg = Release|Any CPU
		{F90BE4F3-E8C0-4D5D-A281-47439DB8C263}.Release|Any CPU.Build.0 = Release|Any CPU
		{D4B713BE-D7A6-48F7-9D2D-791F826E2B00}.Debug|Any CPU.ActiveCfg = Debug|Any CPU
		{D4B713BE-D7A6-48F7-9D2D-791F826E2B00}.Debug|Any CPU.Build.0 = Debug|Any CPU
		{D4B713BE-D7A6-48F7-9D2D-791F826E2B00}.Release|Any CPU.ActiveCfg = Release|Any CPU
		{D4B713BE-D7A6-48F7-9D2D-791F826E2B00}.Release|Any CPU.Build.0 = Release|Any CPU
		{6E6AE564-B862-45D3-ACB3-4AD805CBA151}.Debug|Any CPU.ActiveCfg = Debug|Any CPU
		{6E6AE564-B862-45D3-ACB3-4AD805CBA151}.Debug|Any CPU.Build.0 = Debug|Any CPU
		{6E6AE564-B862-45D3-ACB3-4AD805CBA151}.Release|Any CPU.ActiveCfg = Release|Any CPU
		{6E6AE564-B862-45D3-ACB3-4AD805CBA151}.Release|Any CPU.Build.0 = Release|Any CPU
	EndGlobalSection
	GlobalSection(SolutionProperties) = preSolution
		HideSolutionNode = FALSE
	EndGlobalSection
	GlobalSection(ExtensibilityGlobals) = postSolution
		SolutionGuid = {652AEF26-B516-4210-A78B-59CB7DC71571}
	EndGlobalSection
EndGlobal
