
Microsoft Visual Studio Solution File, Format Version 12.00
# Visual Studio Version 17
VisualStudioVersion = 17.7.34221.43
MinimumVisualStudioVersion = 10.0.40219.1
Project("{FAE04EC0-301F-11D3-BF4B-00C04F79EFBC}") = "01.HelloSoftUni", "01.HelloSoftUni\01.HelloSoftUni.csproj", "{F4B8BA20-5FAE-4BAF-A26A-3A36EB03A962}"
EndProject
Project("{FAE04EC0-301F-11D3-BF4B-00C04F79EFBC}") = "02. Nums1-10", "02. Nums1-10\02. Nums1-10.csproj", "{ECB66A5C-5A9F-42F8-A537-60EED1B90CD5}"
EndProject
Project("{FAE04EC0-301F-11D3-BF4B-00C04F79EFBC}") = "03.RectangleArea", "03.RectangleArea\03.RectangleArea.csproj", "{EB3C9FC4-79D2-4100-A087-92152F257EC0}"
EndProject
Project("{FAE04EC0-301F-11D3-BF4B-00C04F79EFBC}") = "04.InchestoCentimeters", "04.InchestoCentimeters\04.InchestoCentimeters.csproj", "{00F966EB-E9B2-417C-ACD6-353DE78FD39D}"
EndProject
Project("{FAE04EC0-301F-11D3-BF4B-00C04F79EFBC}") = "05.GreetingbyName", "05.GreetingbyName\05.GreetingbyName.csproj", "{8FDEF84B-A427-41EB-AC52-1F8DB8444818}"
EndProject
Project("{FAE04EC0-301F-11D3-BF4B-00C04F79EFBC}") = "06.ConcatenateData", "06.ConcatenateData\06.ConcatenateData.csproj", "{1034BB5B-4BC5-4436-AAC6-EDD74A1D6A12}"
EndProject
Project("{FAE04EC0-301F-11D3-BF4B-00C04F79EFBC}") = "07.ProjectsCreation", "07.ProjectsCreation\07.ProjectsCreation.csproj", "{6408BF0A-EE54-4A16-8261-599619776BCC}"
EndProject
Project("{FAE04EC0-301F-11D3-BF4B-00C04F79EFBC}") = "08.PetShop", "08.PetShop\08.PetShop.csproj", "{043852E2-F50C-4FA5-9858-6FE73EE3BBB9}"
EndProject
Project("{FAE04EC0-301F-11D3-BF4B-00C04F79EFBC}") = "09.YardGreening", "09.YardGreening\09.YardGreening.csproj", "{D428373D-566C-4339-A170-067E5AAF2474}"
EndProject
Global
	GlobalSection(SolutionConfigurationPlatforms) = preSolution
		Debug|Any CPU = Debug|Any CPU
		Release|Any CPU = Release|Any CPU
	EndGlobalSection
	GlobalSection(ProjectConfigurationPlatforms) = postSolution
		{F4B8BA20-5FAE-4BAF-A26A-3A36EB03A962}.Debug|Any CPU.ActiveCfg = Debug|Any CPU
		{F4B8BA20-5FAE-4BAF-A26A-3A36EB03A962}.Debug|Any CPU.Build.0 = Debug|Any CPU
		{F4B8BA20-5FAE-4BAF-A26A-3A36EB03A962}.Release|Any CPU.ActiveCfg = Release|Any CPU
		{F4B8BA20-5FAE-4BAF-A26A-3A36EB03A962}.Release|Any CPU.Build.0 = Release|Any CPU
		{ECB66A5C-5A9F-42F8-A537-60EED1B90CD5}.Debug|Any CPU.ActiveCfg = Debug|Any CPU
		{ECB66A5C-5A9F-42F8-A537-60EED1B90CD5}.Debug|Any CPU.Build.0 = Debug|Any CPU
		{ECB66A5C-5A9F-42F8-A537-60EED1B90CD5}.Release|Any CPU.ActiveCfg = Release|Any CPU
		{ECB66A5C-5A9F-42F8-A537-60EED1B90CD5}.Release|Any CPU.Build.0 = Release|Any CPU
		{EB3C9FC4-79D2-4100-A087-92152F257EC0}.Debug|Any CPU.ActiveCfg = Debug|Any CPU
		{EB3C9FC4-79D2-4100-A087-92152F257EC0}.Debug|Any CPU.Build.0 = Debug|Any CPU
		{EB3C9FC4-79D2-4100-A087-92152F257EC0}.Release|Any CPU.ActiveCfg = Release|Any CPU
		{EB3C9FC4-79D2-4100-A087-92152F257EC0}.Release|Any CPU.Build.0 = Release|Any CPU
		{00F966EB-E9B2-417C-ACD6-353DE78FD39D}.Debug|Any CPU.ActiveCfg = Debug|Any CPU
		{00F966EB-E9B2-417C-ACD6-353DE78FD39D}.Debug|Any CPU.Build.0 = Debug|Any CPU
		{00F966EB-E9B2-417C-ACD6-353DE78FD39D}.Release|Any CPU.ActiveCfg = Release|Any CPU
		{00F966EB-E9B2-417C-ACD6-353DE78FD39D}.Release|Any CPU.Build.0 = Release|Any CPU
		{8FDEF84B-A427-41EB-AC52-1F8DB8444818}.Debug|Any CPU.ActiveCfg = Debug|Any CPU
		{8FDEF84B-A427-41EB-AC52-1F8DB8444818}.Debug|Any CPU.Build.0 = Debug|Any CPU
		{8FDEF84B-A427-41EB-AC52-1F8DB8444818}.Release|Any CPU.ActiveCfg = Release|Any CPU
		{8FDEF84B-A427-41EB-AC52-1F8DB8444818}.Release|Any CPU.Build.0 = Release|Any CPU
		{1034BB5B-4BC5-4436-AAC6-EDD74A1D6A12}.Debug|Any CPU.ActiveCfg = Debug|Any CPU
		{1034BB5B-4BC5-4436-AAC6-EDD74A1D6A12}.Debug|Any CPU.Build.0 = Debug|Any CPU
		{1034BB5B-4BC5-4436-AAC6-EDD74A1D6A12}.Release|Any CPU.ActiveCfg = Release|Any CPU
		{1034BB5B-4BC5-4436-AAC6-EDD74A1D6A12}.Release|Any CPU.Build.0 = Release|Any CPU
		{6408BF0A-EE54-4A16-8261-599619776BCC}.Debug|Any CPU.ActiveCfg = Debug|Any CPU
		{6408BF0A-EE54-4A16-8261-599619776BCC}.Debug|Any CPU.Build.0 = Debug|Any CPU
		{6408BF0A-EE54-4A16-8261-599619776BCC}.Release|Any CPU.ActiveCfg = Release|Any CPU
		{6408BF0A-EE54-4A16-8261-599619776BCC}.Release|Any CPU.Build.0 = Release|Any CPU
		{043852E2-F50C-4FA5-9858-6FE73EE3BBB9}.Debug|Any CPU.ActiveCfg = Debug|Any CPU
		{043852E2-F50C-4FA5-9858-6FE73EE3BBB9}.Debug|Any CPU.Build.0 = Debug|Any CPU
		{043852E2-F50C-4FA5-9858-6FE73EE3BBB9}.Release|Any CPU.ActiveCfg = Release|Any CPU
		{043852E2-F50C-4FA5-9858-6FE73EE3BBB9}.Release|Any CPU.Build.0 = Release|Any CPU
		{D428373D-566C-4339-A170-067E5AAF2474}.Debug|Any CPU.ActiveCfg = Debug|Any CPU
		{D428373D-566C-4339-A170-067E5AAF2474}.Debug|Any CPU.Build.0 = Debug|Any CPU
		{D428373D-566C-4339-A170-067E5AAF2474}.Release|Any CPU.ActiveCfg = Release|Any CPU
		{D428373D-566C-4339-A170-067E5AAF2474}.Release|Any CPU.Build.0 = Release|Any CPU
	EndGlobalSection
	GlobalSection(SolutionProperties) = preSolution
		HideSolutionNode = FALSE
	EndGlobalSection
	GlobalSection(ExtensibilityGlobals) = postSolution
		SolutionGuid = {B54C2ADC-436A-47E8-B59B-BD445E39236C}
	EndGlobalSection
EndGlobal
