
Microsoft Visual Studio Solution File, Format Version 12.00
# Visual Studio Version 17
VisualStudioVersion = 17.9.34622.214
MinimumVisualStudioVersion = 10.0.40219.1
Project("{FAE04EC0-301F-11D3-BF4B-00C04F79EFBC}") = "Code", "Code\Code.csproj", "{DBF55A90-0F32-4746-8BC2-C7FD84376AA0}"
EndProject
Global
	GlobalSection(SolutionConfigurationPlatforms) = preSolution
		Debug|Any CPU = Debug|Any CPU
		Release|Any CPU = Release|Any CPU
	EndGlobalSection
	GlobalSection(ProjectConfigurationPlatforms) = postSolution
		{DBF55A90-0F32-4746-8BC2-C7FD84376AA0}.Debug|Any CPU.ActiveCfg = Debug|Any CPU
		{DBF55A90-0F32-4746-8BC2-C7FD84376AA0}.Debug|Any CPU.Build.0 = Debug|Any CPU
		{DBF55A90-0F32-4746-8BC2-C7FD84376AA0}.Release|Any CPU.ActiveCfg = Release|Any CPU
		{DBF55A90-0F32-4746-8BC2-C7FD84376AA0}.Release|Any CPU.Build.0 = Release|Any CPU
	EndGlobalSection
	GlobalSection(SolutionProperties) = preSolution
		HideSolutionNode = FALSE
	EndGlobalSection
	GlobalSection(ExtensibilityGlobals) = postSolution
		SolutionGuid = {D57426C5-FCCA-45DA-A749-559166BACDBD}
	EndGlobalSection
EndGlobal
