
Microsoft Visual Studio Solution File, Format Version 12.00
# Visual Studio Version 17
VisualStudioVersion = 17.7.34221.43
MinimumVisualStudioVersion = 10.0.40219.1
Project("{FAE04EC0-301F-11D3-BF4B-00C04F79EFBC}") = "1.NewHome", "OpenLessonAssignments\1.NewHome.csproj", "{3BA4C30F-08C5-4B0D-8B50-C3F0FA5678D5}"
EndProject
Project("{FAE04EC0-301F-11D3-BF4B-00C04F79EFBC}") = "2.HotelRoom", "2.HotelRoom\2.HotelRoom.csproj", "{7E5E3BB4-1B26-4E89-966A-B21CEC90B3F5}"
EndProject
Project("{FAE04EC0-301F-11D3-BF4B-00C04F79EFBC}") = "MiniShop", "MiniShop\MiniShop.csproj", "{2A5549D3-B954-4C2A-8EAD-846BF8B84DBF}"
EndProject
Global
	GlobalSection(SolutionConfigurationPlatforms) = preSolution
		Debug|Any CPU = Debug|Any CPU
		Release|Any CPU = Release|Any CPU
	EndGlobalSection
	GlobalSection(ProjectConfigurationPlatforms) = postSolution
		{3BA4C30F-08C5-4B0D-8B50-C3F0FA5678D5}.Debug|Any CPU.ActiveCfg = Debug|Any CPU
		{3BA4C30F-08C5-4B0D-8B50-C3F0FA5678D5}.Debug|Any CPU.Build.0 = Debug|Any CPU
		{3BA4C30F-08C5-4B0D-8B50-C3F0FA5678D5}.Release|Any CPU.ActiveCfg = Release|Any CPU
		{3BA4C30F-08C5-4B0D-8B50-C3F0FA5678D5}.Release|Any CPU.Build.0 = Release|Any CPU
		{7E5E3BB4-1B26-4E89-966A-B21CEC90B3F5}.Debug|Any CPU.ActiveCfg = Debug|Any CPU
		{7E5E3BB4-1B26-4E89-966A-B21CEC90B3F5}.Debug|Any CPU.Build.0 = Debug|Any CPU
		{7E5E3BB4-1B26-4E89-966A-B21CEC90B3F5}.Release|Any CPU.ActiveCfg = Release|Any CPU
		{7E5E3BB4-1B26-4E89-966A-B21CEC90B3F5}.Release|Any CPU.Build.0 = Release|Any CPU
		{2A5549D3-B954-4C2A-8EAD-846BF8B84DBF}.Debug|Any CPU.ActiveCfg = Debug|Any CPU
		{2A5549D3-B954-4C2A-8EAD-846BF8B84DBF}.Debug|Any CPU.Build.0 = Debug|Any CPU
		{2A5549D3-B954-4C2A-8EAD-846BF8B84DBF}.Release|Any CPU.ActiveCfg = Release|Any CPU
		{2A5549D3-B954-4C2A-8EAD-846BF8B84DBF}.Release|Any CPU.Build.0 = Release|Any CPU
	EndGlobalSection
	GlobalSection(SolutionProperties) = preSolution
		HideSolutionNode = FALSE
	EndGlobalSection
	GlobalSection(ExtensibilityGlobals) = postSolution
		SolutionGuid = {ECE42E4A-BFEA-4892-BD58-6F64A801C6CC}
	EndGlobalSection
EndGlobal
